
Microsoft Visual Studio Solution File, Format Version 11.00
# Visual Studio 2010
Project("{FAE04EC0-301F-11D3-BF4B-00C04F79EFBC}") = "PushCoin", "PushCoin.csproj", "{8EF39C63-0999-43A9-A282-9A8790C24253}"
EndProject
Global
	GlobalSection(SolutionConfigurationPlatforms) = preSolution
		Debug|Any CPU = Debug|Any CPU
		Release|Any CPU = Release|Any CPU
	EndGlobalSection
	GlobalSection(ProjectConfigurationPlatforms) = postSolution
		{8EF39C63-0999-43A9-A282-9A8790C24253}.Debug|Any CPU.ActiveCfg = Debug|Any CPU
		{8EF39C63-0999-43A9-A282-9A8790C24253}.Debug|Any CPU.Build.0 = Debug|Any CPU
		{8EF39C63-0999-43A9-A282-9A8790C24253}.Debug|Any CPU.Deploy.0 = Debug|Any CPU
		{8EF39C63-0999-43A9-A282-9A8790C24253}.Release|Any CPU.ActiveCfg = Release|Any CPU
		{8EF39C63-0999-43A9-A282-9A8790C24253}.Release|Any CPU.Build.0 = Release|Any CPU
		{8EF39C63-0999-43A9-A282-9A8790C24253}.Release|Any CPU.Deploy.0 = Release|Any CPU
	EndGlobalSection
	GlobalSection(SolutionProperties) = preSolution
		HideSolutionNode = FALSE
	EndGlobalSection
EndGlobal
