// !$*UTF8*$!
{
	archiveVersion = 1;
	classes = {
	};
	objectVersion = 46;
	objects = {

/* Begin PBXBuildFile section */
		0D0B3807155A0CCB002BF845 /* keyBG_touched.png in Resources */ = {isa = PBXBuildFile; fileRef = 0D0B37E5155A0CCB002BF845 /* keyBG_touched.png */; };
		0D0B3808155A0CCB002BF845 /* keyBG.png in Resources */ = {isa = PBXBuildFile; fileRef = 0D0B37E6155A0CCB002BF845 /* keyBG.png */; };
		0D0B3809155A0CCB002BF845 /* keyNE_BG_touched.png in Resources */ = {isa = PBXBuildFile; fileRef = 0D0B37E7155A0CCB002BF845 /* keyNE_BG_touched.png */; };
		0D0B380A155A0CCB002BF845 /* keyNE_BG.png in Resources */ = {isa = PBXBuildFile; fileRef = 0D0B37E8155A0CCB002BF845 /* keyNE_BG.png */; };
		0D0B380B155A0CCB002BF845 /* keyNW_BG_touched.png in Resources */ = {isa = PBXBuildFile; fileRef = 0D0B37E9155A0CCB002BF845 /* keyNW_BG_touched.png */; };
		0D0B380C155A0CCB002BF845 /* keyNW_BG.png in Resources */ = {isa = PBXBuildFile; fileRef = 0D0B37EA155A0CCB002BF845 /* keyNW_BG.png */; };
		0D0B380D155A0CCB002BF845 /* keySE_BG_touched.png in Resources */ = {isa = PBXBuildFile; fileRef = 0D0B37EB155A0CCB002BF845 /* keySE_BG_touched.png */; };
		0D0B380E155A0CCB002BF845 /* keySE_BG.png in Resources */ = {isa = PBXBuildFile; fileRef = 0D0B37EC155A0CCB002BF845 /* keySE_BG.png */; };
		0D0B380F155A0CCB002BF845 /* keySW_BG_touched.png in Resources */ = {isa = PBXBuildFile; fileRef = 0D0B37ED155A0CCB002BF845 /* keySW_BG_touched.png */; };
		0D0B3810155A0CCB002BF845 /* keySW_BG.png in Resources */ = {isa = PBXBuildFile; fileRef = 0D0B37EE155A0CCB002BF845 /* keySW_BG.png */; };
		0D0B3811155A0CCB002BF845 /* numpad-bg_0_h.png in Resources */ = {isa = PBXBuildFile; fileRef = 0D0B37EF155A0CCB002BF845 /* numpad-bg_0_h.png */; };
		0D0B3812155A0CCB002BF845 /* numpad-bg_0.png in Resources */ = {isa = PBXBuildFile; fileRef = 0D0B37F0155A0CCB002BF845 /* numpad-bg_0.png */; };
		0D0B3813155A0CCB002BF845 /* numpad-bg_1_h.png in Resources */ = {isa = PBXBuildFile; fileRef = 0D0B37F1155A0CCB002BF845 /* numpad-bg_1_h.png */; };
		0D0B3814155A0CCB002BF845 /* numpad-bg_1.png in Resources */ = {isa = PBXBuildFile; fileRef = 0D0B37F2155A0CCB002BF845 /* numpad-bg_1.png */; };
		0D0B3815155A0CCB002BF845 /* numpad-bg_2_h.png in Resources */ = {isa = PBXBuildFile; fileRef = 0D0B37F3155A0CCB002BF845 /* numpad-bg_2_h.png */; };
		0D0B3816155A0CCB002BF845 /* numpad-bg_2.png in Resources */ = {isa = PBXBuildFile; fileRef = 0D0B37F4155A0CCB002BF845 /* numpad-bg_2.png */; };
		0D0B3817155A0CCB002BF845 /* numpad-bg_3_h.png in Resources */ = {isa = PBXBuildFile; fileRef = 0D0B37F5155A0CCB002BF845 /* numpad-bg_3_h.png */; };
		0D0B3818155A0CCB002BF845 /* numpad-bg_3.png in Resources */ = {isa = PBXBuildFile; fileRef = 0D0B37F6155A0CCB002BF845 /* numpad-bg_3.png */; };
		0D0B3819155A0CCB002BF845 /* numpad-bg_4_h.png in Resources */ = {isa = PBXBuildFile; fileRef = 0D0B37F7155A0CCB002BF845 /* numpad-bg_4_h.png */; };
		0D0B381A155A0CCB002BF845 /* numpad-bg_4.png in Resources */ = {isa = PBXBuildFile; fileRef = 0D0B37F8155A0CCB002BF845 /* numpad-bg_4.png */; };
		0D0B381B155A0CCB002BF845 /* numpad-bg_5_h.png in Resources */ = {isa = PBXBuildFile; fileRef = 0D0B37F9155A0CCB002BF845 /* numpad-bg_5_h.png */; };
		0D0B381C155A0CCB002BF845 /* numpad-bg_5.png in Resources */ = {isa = PBXBuildFile; fileRef = 0D0B37FA155A0CCB002BF845 /* numpad-bg_5.png */; };
		0D0B381D155A0CCB002BF845 /* numpad-bg_6_h.png in Resources */ = {isa = PBXBuildFile; fileRef = 0D0B37FB155A0CCB002BF845 /* numpad-bg_6_h.png */; };
		0D0B381E155A0CCB002BF845 /* numpad-bg_6.png in Resources */ = {isa = PBXBuildFile; fileRef = 0D0B37FC155A0CCB002BF845 /* numpad-bg_6.png */; };
		0D0B381F155A0CCB002BF845 /* numpad-bg_7_h.png in Resources */ = {isa = PBXBuildFile; fileRef = 0D0B37FD155A0CCB002BF845 /* numpad-bg_7_h.png */; };
		0D0B3820155A0CCB002BF845 /* numpad-bg_7.png in Resources */ = {isa = PBXBuildFile; fileRef = 0D0B37FE155A0CCB002BF845 /* numpad-bg_7.png */; };
		0D0B3821155A0CCB002BF845 /* numpad-bg_8_h.png in Resources */ = {isa = PBXBuildFile; fileRef = 0D0B37FF155A0CCB002BF845 /* numpad-bg_8_h.png */; };
		0D0B3822155A0CCB002BF845 /* numpad-bg_8.png in Resources */ = {isa = PBXBuildFile; fileRef = 0D0B3800155A0CCB002BF845 /* numpad-bg_8.png */; };
		0D0B3823155A0CCB002BF845 /* numpad-bg_9_h.png in Resources */ = {isa = PBXBuildFile; fileRef = 0D0B3801155A0CCB002BF845 /* numpad-bg_9_h.png */; };
		0D0B3824155A0CCB002BF845 /* numpad-bg_9.png in Resources */ = {isa = PBXBuildFile; fileRef = 0D0B3802155A0CCB002BF845 /* numpad-bg_9.png */; };
		0D0B3825155A0CCB002BF845 /* numpad-bg_10_h.png in Resources */ = {isa = PBXBuildFile; fileRef = 0D0B3803155A0CCB002BF845 /* numpad-bg_10_h.png */; };
		0D0B3826155A0CCB002BF845 /* numpad-bg_10.png in Resources */ = {isa = PBXBuildFile; fileRef = 0D0B3804155A0CCB002BF845 /* numpad-bg_10.png */; };
		0D0B3827155A0CCB002BF845 /* numpad-bg_11_h.png in Resources */ = {isa = PBXBuildFile; fileRef = 0D0B3805155A0CCB002BF845 /* numpad-bg_11_h.png */; };
		0D0B3828155A0CCB002BF845 /* numpad-bg_11.png in Resources */ = {isa = PBXBuildFile; fileRef = 0D0B3806155A0CCB002BF845 /* numpad-bg_11.png */; };
		0D0B3831155A0D15002BF845 /* libcrypto.a in Frameworks */ = {isa = PBXBuildFile; fileRef = 0D0B37D1155A0B73002BF845 /* libcrypto.a */; };
		0D0B3832155A0D15002BF845 /* libqrencoder.a in Frameworks */ = {isa = PBXBuildFile; fileRef = 0D0B37E4155A0B94002BF845 /* libqrencoder.a */; };
		0D0B3833155A0D15002BF845 /* libZXingWidget.a in Frameworks */ = {isa = PBXBuildFile; fileRef = 0D0B37DA155A0B86002BF845 /* libZXingWidget.a */; };
		0D19E2CD1541CCAE00C8671B /* UIKit.framework in Frameworks */ = {isa = PBXBuildFile; fileRef = 0D19E2CC1541CCAE00C8671B /* UIKit.framework */; };
		0D19E2CF1541CCAE00C8671B /* Foundation.framework in Frameworks */ = {isa = PBXBuildFile; fileRef = 0D19E2CE1541CCAE00C8671B /* Foundation.framework */; };
		0D19E2D11541CCAE00C8671B /* CoreGraphics.framework in Frameworks */ = {isa = PBXBuildFile; fileRef = 0D19E2D01541CCAE00C8671B /* CoreGraphics.framework */; };
		0D19E2D71541CCAE00C8671B /* InfoPlist.strings in Resources */ = {isa = PBXBuildFile; fileRef = 0D19E2D51541CCAE00C8671B /* InfoPlist.strings */; };
		0D19E2D91541CCAE00C8671B /* main.m in Sources */ = {isa = PBXBuildFile; fileRef = 0D19E2D81541CCAE00C8671B /* main.m */; };
		0D19E2DD1541CCAE00C8671B /* AppDelegate.m in Sources */ = {isa = PBXBuildFile; fileRef = 0D19E2DC1541CCAE00C8671B /* AppDelegate.m */; };
		0D19E2E01541CCAE00C8671B /* MainStoryboard.storyboard in Resources */ = {isa = PBXBuildFile; fileRef = 0D19E2DE1541CCAE00C8671B /* MainStoryboard.storyboard */; };
		0D19E2E31541CCAE00C8671B /* PayController.mm in Sources */ = {isa = PBXBuildFile; fileRef = 0D19E2E21541CCAE00C8671B /* PayController.mm */; };
		0D19E2E51541CCAE00C8671B /* first.png in Resources */ = {isa = PBXBuildFile; fileRef = 0D19E2E41541CCAE00C8671B /* first.png */; };
		0D19E2E71541CCAE00C8671B /* first@2x.png in Resources */ = {isa = PBXBuildFile; fileRef = 0D19E2E61541CCAE00C8671B /* first@2x.png */; };
		0D19E2EA1541CCAE00C8671B /* ReceiveController.mm in Sources */ = {isa = PBXBuildFile; fileRef = 0D19E2E91541CCAE00C8671B /* ReceiveController.mm */; };
		0D19E2EC1541CCAE00C8671B /* second.png in Resources */ = {isa = PBXBuildFile; fileRef = 0D19E2EB1541CCAE00C8671B /* second.png */; };
		0D19E2EE1541CCAE00C8671B /* second@2x.png in Resources */ = {isa = PBXBuildFile; fileRef = 0D19E2ED1541CCAE00C8671B /* second@2x.png */; };
		0D20D8A015571ED300098838 /* PCOS.m in Sources */ = {isa = PBXBuildFile; fileRef = 0D20D89715571ED300098838 /* PCOS.m */; };
		0D20D8A215571ED300098838 /* PCOSMessage.m in Sources */ = {isa = PBXBuildFile; fileRef = 0D20D89B15571ED300098838 /* PCOSMessage.m */; };
		0D20D8A315571ED300098838 /* PushCoinMessages.m in Sources */ = {isa = PBXBuildFile; fileRef = 0D20D89D15571ED300098838 /* PushCoinMessages.m */; };
		0D20D8A415571ED300098838 /* PCOSTypes.m in Sources */ = {isa = PBXBuildFile; fileRef = 0D20D89F15571ED300098838 /* PCOSTypes.m */; };
		0D37760E15683949003FB8B3 /* PaymentCell.m in Sources */ = {isa = PBXBuildFile; fileRef = 0D37760D15683949003FB8B3 /* PaymentCell.m */; };
		0D377612156839BC003FB8B3 /* Common.m in Sources */ = {isa = PBXBuildFile; fileRef = 0D377611156839BC003FB8B3 /* Common.m */; };
		0D37761615684E8B003FB8B3 /* PushCoinPayment.m in Sources */ = {isa = PBXBuildFile; fileRef = 0D37761515684E8B003FB8B3 /* PushCoinPayment.m */; };
		0D3EA61A154872FB0088EFE1 /* pushcoin_rsa.pub in Resources */ = {isa = PBXBuildFile; fileRef = 0D3EA619154872FB0088EFE1 /* pushcoin_rsa.pub */; };
		0D3EA61D154877670088EFE1 /* OpenSSLWrapper.mm in Sources */ = {isa = PBXBuildFile; fileRef = 0D3EA61C154877670088EFE1 /* OpenSSLWrapper.mm */; };
		0D3EA6201548783D0088EFE1 /* PushCoinConfig.m in Sources */ = {isa = PBXBuildFile; fileRef = 0D3EA61F1548783D0088EFE1 /* PushCoinConfig.m */; };
		0D3EA6231548FB0A0088EFE1 /* PushCoinWebService.m in Sources */ = {isa = PBXBuildFile; fileRef = 0D3EA6221548FB0A0088EFE1 /* PushCoinWebService.m */; };
		0D3EA63F154936C50088EFE1 /* ChallengeController.m in Sources */ = {isa = PBXBuildFile; fileRef = 0D3EA63E154936C50088EFE1 /* ChallengeController.m */; };
		0D4923CA1568C37A00626AC2 /* libiconv.dylib in Frameworks */ = {isa = PBXBuildFile; fileRef = 0D7A8F8A1542031C00634A79 /* libiconv.dylib */; };
		0D4923D7156B274400626AC2 /* libGMGridView.a in Frameworks */ = {isa = PBXBuildFile; fileRef = 0D4923D4156B272C00626AC2 /* libGMGridView.a */; };
		0D4923E4156B3CA900626AC2 /* 1.00.png in Resources */ = {isa = PBXBuildFile; fileRef = 0D4923D8156B3CA900626AC2 /* 1.00.png */; };
		0D4923E5156B3CA900626AC2 /* 1.00@2x.png in Resources */ = {isa = PBXBuildFile; fileRef = 0D4923D9156B3CA900626AC2 /* 1.00@2x.png */; };
		0D4923E6156B3CA900626AC2 /* 5.00.png in Resources */ = {isa = PBXBuildFile; fileRef = 0D4923DA156B3CA900626AC2 /* 5.00.png */; };
		0D4923E7156B3CA900626AC2 /* 5.00@2x.png in Resources */ = {isa = PBXBuildFile; fileRef = 0D4923DB156B3CA900626AC2 /* 5.00@2x.png */; };
		0D4923E8156B3CA900626AC2 /* 10.00.png in Resources */ = {isa = PBXBuildFile; fileRef = 0D4923DC156B3CA900626AC2 /* 10.00.png */; };
		0D4923E9156B3CA900626AC2 /* 10.00@2x.png in Resources */ = {isa = PBXBuildFile; fileRef = 0D4923DD156B3CA900626AC2 /* 10.00@2x.png */; };
		0D4923EA156B3CA900626AC2 /* 50.00.png in Resources */ = {isa = PBXBuildFile; fileRef = 0D4923DE156B3CA900626AC2 /* 50.00.png */; };
		0D4923EB156B3CA900626AC2 /* 50.00@2x.png in Resources */ = {isa = PBXBuildFile; fileRef = 0D4923DF156B3CA900626AC2 /* 50.00@2x.png */; };
		0D4923EC156B3CA900626AC2 /* 100.00.png in Resources */ = {isa = PBXBuildFile; fileRef = 0D4923E0156B3CA900626AC2 /* 100.00.png */; };
		0D4923ED156B3CA900626AC2 /* 100.00@2x.png in Resources */ = {isa = PBXBuildFile; fileRef = 0D4923E1156B3CA900626AC2 /* 100.00@2x.png */; };
		0D4923EE156B3CA900626AC2 /* 500.00.png in Resources */ = {isa = PBXBuildFile; fileRef = 0D4923E2156B3CA900626AC2 /* 500.00.png */; };
		0D4923EF156B3CA900626AC2 /* 500.00@2x.png in Resources */ = {isa = PBXBuildFile; fileRef = 0D4923E3156B3CA900626AC2 /* 500.00@2x.png */; };
		0D7A8F80154202EC00634A79 /* AddressBook.framework in Frameworks */ = {isa = PBXBuildFile; fileRef = 0D7A8F7E154202EC00634A79 /* AddressBook.framework */; };
		0D7A8F81154202EC00634A79 /* AddressBookUI.framework in Frameworks */ = {isa = PBXBuildFile; fileRef = 0D7A8F7F154202EC00634A79 /* AddressBookUI.framework */; };
		0D7A8F83154202F700634A79 /* AudioToolbox.framework in Frameworks */ = {isa = PBXBuildFile; fileRef = 0D7A8F82154202F700634A79 /* AudioToolbox.framework */; };
		0D7A8F851542030100634A79 /* AVFoundation.framework in Frameworks */ = {isa = PBXBuildFile; fileRef = 0D7A8F841542030100634A79 /* AVFoundation.framework */; };
		0D7A8F881542031400634A79 /* CoreMedia.framework in Frameworks */ = {isa = PBXBuildFile; fileRef = 0D7A8F861542031400634A79 /* CoreMedia.framework */; };
		0D7A8F891542031400634A79 /* CoreVideo.framework in Frameworks */ = {isa = PBXBuildFile; fileRef = 0D7A8F871542031400634A79 /* CoreVideo.framework */; };
		0D7A8FBF154218B700634A79 /* QuartzCore.framework in Frameworks */ = {isa = PBXBuildFile; fileRef = 0D7A8FBE154218B700634A79 /* QuartzCore.framework */; };
		0D7A8FE51542609600634A79 /* SettingsController.mm in Sources */ = {isa = PBXBuildFile; fileRef = 0D7A8FE41542609600634A79 /* SettingsController.mm */; };
		0D7A8FF71543614000634A79 /* QRViewController.mm in Sources */ = {isa = PBXBuildFile; fileRef = 0D7A8FF61543614000634A79 /* QRViewController.mm */; };
		0D7E10B9155FF82800429C9A /* NSData+BytesToHexString.m in Sources */ = {isa = PBXBuildFile; fileRef = 0D7E10B8155FF82800429C9A /* NSData+BytesToHexString.m */; };
		0D7E10BC155FF8E200429C9A /* NSString+HexStringToBytes.m in Sources */ = {isa = PBXBuildFile; fileRef = 0D7E10BB155FF8E200429C9A /* NSString+HexStringToBytes.m */; };
		0D887E3B15688DC9004228F3 /* title.png in Resources */ = {isa = PBXBuildFile; fileRef = 0D887E3A15688DC9004228F3 /* title.png */; };
		0D887E3F15689CD5004228F3 /* display_background.png in Resources */ = {isa = PBXBuildFile; fileRef = 0D887E3E15689CD5004228F3 /* display_background.png */; };
		0D887E4115689CE0004228F3 /* display_background@2x.png in Resources */ = {isa = PBXBuildFile; fileRef = 0D887E4015689CE0004228F3 /* display_background@2x.png */; };
		0D887E4315689F20004228F3 /* logo.png in Resources */ = {isa = PBXBuildFile; fileRef = 0D887E4215689F20004228F3 /* logo.png */; };
		0D887E461568A0CD004228F3 /* shortcut_grid_background.png in Resources */ = {isa = PBXBuildFile; fileRef = 0D887E441568A0CD004228F3 /* shortcut_grid_background.png */; };
		0D887E471568A0CD004228F3 /* shortcut_grid_background@2x.png in Resources */ = {isa = PBXBuildFile; fileRef = 0D887E451568A0CD004228F3 /* shortcut_grid_background@2x.png */; };
		0DACCD741558A02A00A69DED /* PCOSParser.m in Sources */ = {isa = PBXBuildFile; fileRef = 0DACCD731558A02A00A69DED /* PCOSParser.m */; };
		0DAFD24C1547A8180010459A /* KeychainItemWrapper.m in Sources */ = {isa = PBXBuildFile; fileRef = 0DAFD24B1547A8180010459A /* KeychainItemWrapper.m */; settings = {COMPILER_FLAGS = "-fno-objc-arc"; }; };
		0DAFD24E1547ACBB0010459A /* Security.framework in Frameworks */ = {isa = PBXBuildFile; fileRef = 0DAFD24D1547ACBA0010459A /* Security.framework */; };
		0DB67A5D1564C8C200CA997C /* NSData+Base64.m in Sources */ = {isa = PBXBuildFile; fileRef = 0DB67A5C1564C8C200CA997C /* NSData+Base64.m */; settings = {COMPILER_FLAGS = "-fno-objc-arc"; }; };
		0DBC491B1543BF3700E56EDF /* KeypadView.m in Sources */ = {isa = PBXBuildFile; fileRef = 0DBC491A1543BF3700E56EDF /* KeypadView.m */; };
		0DCCD2271564E221006C9526 /* pushcoin_dsa.pub in Resources */ = {isa = PBXBuildFile; fileRef = 0DCCD2261564E221006C9526 /* pushcoin_dsa.pub */; };
		0DD692B615660FC500391E25 /* iphone_delete_button.png in Resources */ = {isa = PBXBuildFile; fileRef = 0DD692B515660FC500391E25 /* iphone_delete_button.png */; };
		0DDD095A156F19FC001C36BB /* PaymentDetailsController.m in Sources */ = {isa = PBXBuildFile; fileRef = 0DDD0959156F19FC001C36BB /* PaymentDetailsController.m */; };
		0DDD095D156F1A42001C36BB /* PaymentTipCell.m in Sources */ = {isa = PBXBuildFile; fileRef = 0DDD095C156F1A41001C36BB /* PaymentTipCell.m */; };
		0DE9FA72155A1D4700FACDA7 /* RegistrationController.m in Sources */ = {isa = PBXBuildFile; fileRef = 0DE9FA71155A1D4700FACDA7 /* RegistrationController.m */; };
		0DED6564156DB2AF00E27A72 /* KeypadController.m in Sources */ = {isa = PBXBuildFile; fileRef = 0DED6563156DB2AF00E27A72 /* KeypadController.m */; };
		0DED6567156DCDE400E27A72 /* remove.png in Resources */ = {isa = PBXBuildFile; fileRef = 0DED6565156DCDE400E27A72 /* remove.png */; };
		0DED6568156DCDE400E27A72 /* remove@2x.png in Resources */ = {isa = PBXBuildFile; fileRef = 0DED6566156DCDE400E27A72 /* remove@2x.png */; };
		0DF680261545B28500F5E784 /* README in Resources */ = {isa = PBXBuildFile; fileRef = 0DF680251545B28500F5E784 /* README */; };
		0DF6C5C81563446600E28B99 /* MainTabBarController.m in Sources */ = {isa = PBXBuildFile; fileRef = 0DF6C5C71563446600E28B99 /* MainTabBarController.m */; };
		0DF6C5D115636C9400E28B99 /* PushCoinLogo-Large.png in Resources */ = {isa = PBXBuildFile; fileRef = 0DF6C5CF15636C9400E28B99 /* PushCoinLogo-Large.png */; };
		0DF6C5D215636C9400E28B99 /* PushCoinLogo-Small.png in Resources */ = {isa = PBXBuildFile; fileRef = 0DF6C5D015636C9400E28B99 /* PushCoinLogo-Small.png */; };
		0DF8D8E1156E139300AEA91D /* HistoryController.m in Sources */ = {isa = PBXBuildFile; fileRef = 0DF8D8E0156E139300AEA91D /* HistoryController.m */; };
		0DF8D8E4156E1E1800AEA91D /* PushCoinTransaction.m in Sources */ = {isa = PBXBuildFile; fileRef = 0DF8D8E3156E1E1800AEA91D /* PushCoinTransaction.m */; };
		0DF8D8E7156E253F00AEA91D /* startup_background.png in Resources */ = {isa = PBXBuildFile; fileRef = 0DF8D8E5156E253F00AEA91D /* startup_background.png */; };
		0DF8D8E8156E253F00AEA91D /* startup_background@2x.png in Resources */ = {isa = PBXBuildFile; fileRef = 0DF8D8E6156E253F00AEA91D /* startup_background@2x.png */; };
		0DF8D8EA156E255600AEA91D /* Default.png in Resources */ = {isa = PBXBuildFile; fileRef = 0DF8D8E9156E255600AEA91D /* Default.png */; };
		0DF8D8EC156E255B00AEA91D /* Default@2x.png in Resources */ = {isa = PBXBuildFile; fileRef = 0DF8D8EB156E255B00AEA91D /* Default@2x.png */; };
		0DF8D8EF156EFF3200AEA91D /* TransactionCell.m in Sources */ = {isa = PBXBuildFile; fileRef = 0DF8D8EE156EFF3200AEA91D /* TransactionCell.m */; };
/* End PBXBuildFile section */

/* Begin PBXBuildRule section */
		0D3EA6681549CB070088EFE1 /* PBXBuildRule */ = {
			isa = PBXBuildRule;
			compilerSpec = com.apple.compilers.proxy.script;
			filePatterns = "*.proto";
			fileType = pattern.proxy;
			isEditable = 1;
			outputFiles = (
				"${DERIVED_SOURCES_DIR}/${INPUT_FILE_BASE}.pb.h",
				"${DERIVED_SOURCES_DIR}/${INPUT_FILE_BASE}.pb.m",
			);
			script = "/usr/local/bin/protoc --plugin=/usr/local/bin/protoc-gen-objc --proto_path=${INPUT_FILE_DIR} --objc_out=${DERIVED_SOURCES_DIR} ${INPUT_FILE_PATH}";
		};
/* End PBXBuildRule section */

/* Begin PBXContainerItemProxy section */
		0D0B37D0155A0B73002BF845 /* PBXContainerItemProxy */ = {
			isa = PBXContainerItemProxy;
			containerPortal = 0DAFD23115478E5E0010459A /* openssl.xcodeproj */;
			proxyType = 2;
			remoteGlobalIDString = 9069D28C0FCE659A0042E34C;
			remoteInfo = crypto;
		};
		0D0B37D9155A0B86002BF845 /* PBXContainerItemProxy */ = {
			isa = PBXContainerItemProxy;
			containerPortal = 0D7A8FE61542633100634A79 /* ZXingWidget.xcodeproj */;
			proxyType = 2;
			remoteGlobalIDString = D2AAC07E0554694100DB518D;
			remoteInfo = ZXingWidget;
		};
		0D0B37DB155A0B86002BF845 /* PBXContainerItemProxy */ = {
			isa = PBXContainerItemProxy;
			containerPortal = 0D7A8FE61542633100634A79 /* ZXingWidget.xcodeproj */;
			proxyType = 2;
			remoteGlobalIDString = 1D60398D13DF7CAD006F4B51;
			remoteInfo = ZXingTests;
		};
		0D0B37E3155A0B94002BF845 /* PBXContainerItemProxy */ = {
			isa = PBXContainerItemProxy;
			containerPortal = 0D7A8FC015421B7000634A79 /* QRCodeEncoderObjectiveCAtGithub.xcodeproj */;
			proxyType = 2;
			remoteGlobalIDString = 9672D35713BD662F0002B0E2;
			remoteInfo = qrencoder;
		};
		0D0B3829155A0D06002BF845 /* PBXContainerItemProxy */ = {
			isa = PBXContainerItemProxy;
			containerPortal = 0D7A8FE61542633100634A79 /* ZXingWidget.xcodeproj */;
			proxyType = 1;
			remoteGlobalIDString = D2AAC07D0554694100DB518D;
			remoteInfo = ZXingWidget;
		};
		0D0B382D155A0D06002BF845 /* PBXContainerItemProxy */ = {
			isa = PBXContainerItemProxy;
			containerPortal = 0DAFD23115478E5E0010459A /* openssl.xcodeproj */;
			proxyType = 1;
			remoteGlobalIDString = 9069D28B0FCE659A0042E34C;
			remoteInfo = crypto;
		};
		0D0B382F155A0D06002BF845 /* PBXContainerItemProxy */ = {
			isa = PBXContainerItemProxy;
			containerPortal = 0D7A8FC015421B7000634A79 /* QRCodeEncoderObjectiveCAtGithub.xcodeproj */;
			proxyType = 1;
			remoteGlobalIDString = 9672D35613BD662F0002B0E2;
			remoteInfo = qrencoder;
		};
		0D4923D3156B272C00626AC2 /* PBXContainerItemProxy */ = {
			isa = PBXContainerItemProxy;
			containerPortal = 0D4923CC156B272C00626AC2 /* GMGridView.xcodeproj */;
			proxyType = 2;
			remoteGlobalIDString = 78509312149FAC2E000787E4;
			remoteInfo = GMGridView;
		};
		0D4923D5156B273F00626AC2 /* PBXContainerItemProxy */ = {
			isa = PBXContainerItemProxy;
			containerPortal = 0D4923CC156B272C00626AC2 /* GMGridView.xcodeproj */;
			proxyType = 1;
			remoteGlobalIDString = 78509311149FAC2E000787E4;
			remoteInfo = GMGridView;
		};
/* End PBXContainerItemProxy section */

/* Begin PBXFileReference section */
		0D0B37E5155A0CCB002BF845 /* keyBG_touched.png */ = {isa = PBXFileReference; lastKnownFileType = image.png; name = keyBG_touched.png; path = KeyPad/keyBG_touched.png; sourceTree = SOURCE_ROOT; };
		0D0B37E6155A0CCB002BF845 /* keyBG.png */ = {isa = PBXFileReference; lastKnownFileType = image.png; name = keyBG.png; path = KeyPad/keyBG.png; sourceTree = SOURCE_ROOT; };
		0D0B37E7155A0CCB002BF845 /* keyNE_BG_touched.png */ = {isa = PBXFileReference; lastKnownFileType = image.png; name = keyNE_BG_touched.png; path = KeyPad/keyNE_BG_touched.png; sourceTree = SOURCE_ROOT; };
		0D0B37E8155A0CCB002BF845 /* keyNE_BG.png */ = {isa = PBXFileReference; lastKnownFileType = image.png; name = keyNE_BG.png; path = KeyPad/keyNE_BG.png; sourceTree = SOURCE_ROOT; };
		0D0B37E9155A0CCB002BF845 /* keyNW_BG_touched.png */ = {isa = PBXFileReference; lastKnownFileType = image.png; name = keyNW_BG_touched.png; path = KeyPad/keyNW_BG_touched.png; sourceTree = SOURCE_ROOT; };
		0D0B37EA155A0CCB002BF845 /* keyNW_BG.png */ = {isa = PBXFileReference; lastKnownFileType = image.png; name = keyNW_BG.png; path = KeyPad/keyNW_BG.png; sourceTree = SOURCE_ROOT; };
		0D0B37EB155A0CCB002BF845 /* keySE_BG_touched.png */ = {isa = PBXFileReference; lastKnownFileType = image.png; name = keySE_BG_touched.png; path = KeyPad/keySE_BG_touched.png; sourceTree = SOURCE_ROOT; };
		0D0B37EC155A0CCB002BF845 /* keySE_BG.png */ = {isa = PBXFileReference; lastKnownFileType = image.png; name = keySE_BG.png; path = KeyPad/keySE_BG.png; sourceTree = SOURCE_ROOT; };
		0D0B37ED155A0CCB002BF845 /* keySW_BG_touched.png */ = {isa = PBXFileReference; lastKnownFileType = image.png; name = keySW_BG_touched.png; path = KeyPad/keySW_BG_touched.png; sourceTree = SOURCE_ROOT; };
		0D0B37EE155A0CCB002BF845 /* keySW_BG.png */ = {isa = PBXFileReference; lastKnownFileType = image.png; name = keySW_BG.png; path = KeyPad/keySW_BG.png; sourceTree = SOURCE_ROOT; };
		0D0B37EF155A0CCB002BF845 /* numpad-bg_0_h.png */ = {isa = PBXFileReference; lastKnownFileType = image.png; name = "numpad-bg_0_h.png"; path = "KeyPad/numpad-bg_0_h.png"; sourceTree = SOURCE_ROOT; };
		0D0B37F0155A0CCB002BF845 /* numpad-bg_0.png */ = {isa = PBXFileReference; lastKnownFileType = image.png; name = "numpad-bg_0.png"; path = "KeyPad/numpad-bg_0.png"; sourceTree = SOURCE_ROOT; };
		0D0B37F1155A0CCB002BF845 /* numpad-bg_1_h.png */ = {isa = PBXFileReference; lastKnownFileType = image.png; name = "numpad-bg_1_h.png"; path = "KeyPad/numpad-bg_1_h.png"; sourceTree = SOURCE_ROOT; };
		0D0B37F2155A0CCB002BF845 /* numpad-bg_1.png */ = {isa = PBXFileReference; lastKnownFileType = image.png; name = "numpad-bg_1.png"; path = "KeyPad/numpad-bg_1.png"; sourceTree = SOURCE_ROOT; };
		0D0B37F3155A0CCB002BF845 /* numpad-bg_2_h.png */ = {isa = PBXFileReference; lastKnownFileType = image.png; name = "numpad-bg_2_h.png"; path = "KeyPad/numpad-bg_2_h.png"; sourceTree = SOURCE_ROOT; };
		0D0B37F4155A0CCB002BF845 /* numpad-bg_2.png */ = {isa = PBXFileReference; lastKnownFileType = image.png; name = "numpad-bg_2.png"; path = "KeyPad/numpad-bg_2.png"; sourceTree = SOURCE_ROOT; };
		0D0B37F5155A0CCB002BF845 /* numpad-bg_3_h.png */ = {isa = PBXFileReference; lastKnownFileType = image.png; name = "numpad-bg_3_h.png"; path = "KeyPad/numpad-bg_3_h.png"; sourceTree = SOURCE_ROOT; };
		0D0B37F6155A0CCB002BF845 /* numpad-bg_3.png */ = {isa = PBXFileReference; lastKnownFileType = image.png; name = "numpad-bg_3.png"; path = "KeyPad/numpad-bg_3.png"; sourceTree = SOURCE_ROOT; };
		0D0B37F7155A0CCB002BF845 /* numpad-bg_4_h.png */ = {isa = PBXFileReference; lastKnownFileType = image.png; name = "numpad-bg_4_h.png"; path = "KeyPad/numpad-bg_4_h.png"; sourceTree = SOURCE_ROOT; };
		0D0B37F8155A0CCB002BF845 /* numpad-bg_4.png */ = {isa = PBXFileReference; lastKnownFileType = image.png; name = "numpad-bg_4.png"; path = "KeyPad/numpad-bg_4.png"; sourceTree = SOURCE_ROOT; };
		0D0B37F9155A0CCB002BF845 /* numpad-bg_5_h.png */ = {isa = PBXFileReference; lastKnownFileType = image.png; name = "numpad-bg_5_h.png"; path = "KeyPad/numpad-bg_5_h.png"; sourceTree = SOURCE_ROOT; };
		0D0B37FA155A0CCB002BF845 /* numpad-bg_5.png */ = {isa = PBXFileReference; lastKnownFileType = image.png; name = "numpad-bg_5.png"; path = "KeyPad/numpad-bg_5.png"; sourceTree = SOURCE_ROOT; };
		0D0B37FB155A0CCB002BF845 /* numpad-bg_6_h.png */ = {isa = PBXFileReference; lastKnownFileType = image.png; name = "numpad-bg_6_h.png"; path = "KeyPad/numpad-bg_6_h.png"; sourceTree = SOURCE_ROOT; };
		0D0B37FC155A0CCB002BF845 /* numpad-bg_6.png */ = {isa = PBXFileReference; lastKnownFileType = image.png; name = "numpad-bg_6.png"; path = "KeyPad/numpad-bg_6.png"; sourceTree = SOURCE_ROOT; };
		0D0B37FD155A0CCB002BF845 /* numpad-bg_7_h.png */ = {isa = PBXFileReference; lastKnownFileType = image.png; name = "numpad-bg_7_h.png"; path = "KeyPad/numpad-bg_7_h.png"; sourceTree = SOURCE_ROOT; };
		0D0B37FE155A0CCB002BF845 /* numpad-bg_7.png */ = {isa = PBXFileReference; lastKnownFileType = image.png; name = "numpad-bg_7.png"; path = "KeyPad/numpad-bg_7.png"; sourceTree = SOURCE_ROOT; };
		0D0B37FF155A0CCB002BF845 /* numpad-bg_8_h.png */ = {isa = PBXFileReference; lastKnownFileType = image.png; name = "numpad-bg_8_h.png"; path = "KeyPad/numpad-bg_8_h.png"; sourceTree = SOURCE_ROOT; };
		0D0B3800155A0CCB002BF845 /* numpad-bg_8.png */ = {isa = PBXFileReference; lastKnownFileType = image.png; name = "numpad-bg_8.png"; path = "KeyPad/numpad-bg_8.png"; sourceTree = SOURCE_ROOT; };
		0D0B3801155A0CCB002BF845 /* numpad-bg_9_h.png */ = {isa = PBXFileReference; lastKnownFileType = image.png; name = "numpad-bg_9_h.png"; path = "KeyPad/numpad-bg_9_h.png"; sourceTree = SOURCE_ROOT; };
		0D0B3802155A0CCB002BF845 /* numpad-bg_9.png */ = {isa = PBXFileReference; lastKnownFileType = image.png; name = "numpad-bg_9.png"; path = "KeyPad/numpad-bg_9.png"; sourceTree = SOURCE_ROOT; };
		0D0B3803155A0CCB002BF845 /* numpad-bg_10_h.png */ = {isa = PBXFileReference; lastKnownFileType = image.png; name = "numpad-bg_10_h.png"; path = "KeyPad/numpad-bg_10_h.png"; sourceTree = SOURCE_ROOT; };
		0D0B3804155A0CCB002BF845 /* numpad-bg_10.png */ = {isa = PBXFileReference; lastKnownFileType = image.png; name = "numpad-bg_10.png"; path = "KeyPad/numpad-bg_10.png"; sourceTree = SOURCE_ROOT; };
		0D0B3805155A0CCB002BF845 /* numpad-bg_11_h.png */ = {isa = PBXFileReference; lastKnownFileType = image.png; name = "numpad-bg_11_h.png"; path = "KeyPad/numpad-bg_11_h.png"; sourceTree = SOURCE_ROOT; };
		0D0B3806155A0CCB002BF845 /* numpad-bg_11.png */ = {isa = PBXFileReference; lastKnownFileType = image.png; name = "numpad-bg_11.png"; path = "KeyPad/numpad-bg_11.png"; sourceTree = SOURCE_ROOT; };
		0D19E2C81541CCAE00C8671B /* PushCoin.app */ = {isa = PBXFileReference; explicitFileType = wrapper.application; includeInIndex = 0; path = PushCoin.app; sourceTree = BUILT_PRODUCTS_DIR; };
		0D19E2CC1541CCAE00C8671B /* UIKit.framework */ = {isa = PBXFileReference; lastKnownFileType = wrapper.framework; name = UIKit.framework; path = System/Library/Frameworks/UIKit.framework; sourceTree = SDKROOT; };
		0D19E2CE1541CCAE00C8671B /* Foundation.framework */ = {isa = PBXFileReference; lastKnownFileType = wrapper.framework; name = Foundation.framework; path = System/Library/Frameworks/Foundation.framework; sourceTree = SDKROOT; };
		0D19E2D01541CCAE00C8671B /* CoreGraphics.framework */ = {isa = PBXFileReference; lastKnownFileType = wrapper.framework; name = CoreGraphics.framework; path = System/Library/Frameworks/CoreGraphics.framework; sourceTree = SDKROOT; };
		0D19E2D41541CCAE00C8671B /* PushCoin-Info.plist */ = {isa = PBXFileReference; lastKnownFileType = text.plist.xml; path = "PushCoin-Info.plist"; sourceTree = "<group>"; };
		0D19E2D61541CCAE00C8671B /* en */ = {isa = PBXFileReference; lastKnownFileType = text.plist.strings; name = en; path = en.lproj/InfoPlist.strings; sourceTree = "<group>"; };
		0D19E2D81541CCAE00C8671B /* main.m */ = {isa = PBXFileReference; lastKnownFileType = sourcecode.c.objc; path = main.m; sourceTree = "<group>"; };
		0D19E2DA1541CCAE00C8671B /* PushCoin-Prefix.pch */ = {isa = PBXFileReference; lastKnownFileType = sourcecode.c.h; path = "PushCoin-Prefix.pch"; sourceTree = "<group>"; };
		0D19E2DB1541CCAE00C8671B /* AppDelegate.h */ = {isa = PBXFileReference; lastKnownFileType = sourcecode.c.h; path = AppDelegate.h; sourceTree = "<group>"; };
		0D19E2DC1541CCAE00C8671B /* AppDelegate.m */ = {isa = PBXFileReference; lastKnownFileType = sourcecode.c.objc; path = AppDelegate.m; sourceTree = "<group>"; };
		0D19E2DF1541CCAE00C8671B /* en */ = {isa = PBXFileReference; lastKnownFileType = file.storyboard; name = en; path = en.lproj/MainStoryboard.storyboard; sourceTree = "<group>"; };
		0D19E2E11541CCAE00C8671B /* PayController.h */ = {isa = PBXFileReference; lastKnownFileType = sourcecode.c.h; path = PayController.h; sourceTree = "<group>"; };
		0D19E2E21541CCAE00C8671B /* PayController.mm */ = {isa = PBXFileReference; lastKnownFileType = sourcecode.cpp.objcpp; path = PayController.mm; sourceTree = "<group>"; };
		0D19E2E41541CCAE00C8671B /* first.png */ = {isa = PBXFileReference; lastKnownFileType = image.png; path = first.png; sourceTree = "<group>"; };
		0D19E2E61541CCAE00C8671B /* first@2x.png */ = {isa = PBXFileReference; lastKnownFileType = image.png; path = "first@2x.png"; sourceTree = "<group>"; };
		0D19E2E81541CCAE00C8671B /* ReceiveController.h */ = {isa = PBXFileReference; lastKnownFileType = sourcecode.c.h; path = ReceiveController.h; sourceTree = "<group>"; };
		0D19E2E91541CCAE00C8671B /* ReceiveController.mm */ = {isa = PBXFileReference; lastKnownFileType = sourcecode.cpp.objcpp; path = ReceiveController.mm; sourceTree = "<group>"; };
		0D19E2EB1541CCAE00C8671B /* second.png */ = {isa = PBXFileReference; lastKnownFileType = image.png; path = second.png; sourceTree = "<group>"; };
		0D19E2ED1541CCAE00C8671B /* second@2x.png */ = {isa = PBXFileReference; lastKnownFileType = image.png; path = "second@2x.png"; sourceTree = "<group>"; };
		0D20D89615571ED300098838 /* PCOS.h */ = {isa = PBXFileReference; fileEncoding = 4; lastKnownFileType = sourcecode.c.h; path = PCOS.h; sourceTree = "<group>"; };
		0D20D89715571ED300098838 /* PCOS.m */ = {isa = PBXFileReference; fileEncoding = 4; lastKnownFileType = sourcecode.c.objc; path = PCOS.m; sourceTree = "<group>"; };
		0D20D89A15571ED300098838 /* PCOSMessage.h */ = {isa = PBXFileReference; fileEncoding = 4; lastKnownFileType = sourcecode.c.h; path = PCOSMessage.h; sourceTree = "<group>"; };
		0D20D89B15571ED300098838 /* PCOSMessage.m */ = {isa = PBXFileReference; fileEncoding = 4; lastKnownFileType = sourcecode.c.objc; path = PCOSMessage.m; sourceTree = "<group>"; };
		0D20D89C15571ED300098838 /* PushCoinMessages.h */ = {isa = PBXFileReference; fileEncoding = 4; lastKnownFileType = sourcecode.c.h; path = PushCoinMessages.h; sourceTree = "<group>"; };
		0D20D89D15571ED300098838 /* PushCoinMessages.m */ = {isa = PBXFileReference; fileEncoding = 4; lastKnownFileType = sourcecode.c.objc; path = PushCoinMessages.m; sourceTree = "<group>"; };
		0D20D89E15571ED300098838 /* PCOSTypes.h */ = {isa = PBXFileReference; fileEncoding = 4; lastKnownFileType = sourcecode.c.h; path = PCOSTypes.h; sourceTree = "<group>"; };
		0D20D89F15571ED300098838 /* PCOSTypes.m */ = {isa = PBXFileReference; fileEncoding = 4; lastKnownFileType = sourcecode.c.objc; path = PCOSTypes.m; sourceTree = "<group>"; };
		0D20D8A515576E1700098838 /* PCOS-CPP.h */ = {isa = PBXFileReference; lastKnownFileType = sourcecode.c.h; path = "PCOS-CPP.h"; sourceTree = "<group>"; };
		0D37760C15683949003FB8B3 /* PaymentCell.h */ = {isa = PBXFileReference; fileEncoding = 4; lastKnownFileType = sourcecode.c.h; path = PaymentCell.h; sourceTree = "<group>"; };
		0D37760D15683949003FB8B3 /* PaymentCell.m */ = {isa = PBXFileReference; fileEncoding = 4; lastKnownFileType = sourcecode.c.objc; path = PaymentCell.m; sourceTree = "<group>"; };
		0D377610156839BC003FB8B3 /* Common.h */ = {isa = PBXFileReference; fileEncoding = 4; lastKnownFileType = sourcecode.c.h; name = Common.h; path = PushCoin/Common.h; sourceTree = "<group>"; };
		0D377611156839BC003FB8B3 /* Common.m */ = {isa = PBXFileReference; fileEncoding = 4; lastKnownFileType = sourcecode.c.objc; name = Common.m; path = PushCoin/Common.m; sourceTree = "<group>"; };
		0D37761415684E8B003FB8B3 /* PushCoinPayment.h */ = {isa = PBXFileReference; fileEncoding = 4; lastKnownFileType = sourcecode.c.h; path = PushCoinPayment.h; sourceTree = "<group>"; };
		0D37761515684E8B003FB8B3 /* PushCoinPayment.m */ = {isa = PBXFileReference; fileEncoding = 4; lastKnownFileType = sourcecode.c.objc; path = PushCoinPayment.m; sourceTree = "<group>"; };
		0D3EA619154872FB0088EFE1 /* pushcoin_rsa.pub */ = {isa = PBXFileReference; explicitFileType = text; fileEncoding = 4; path = pushcoin_rsa.pub; sourceTree = "<group>"; };
		0D3EA61B154877670088EFE1 /* OpenSSLWrapper.h */ = {isa = PBXFileReference; fileEncoding = 4; lastKnownFileType = sourcecode.c.h; path = OpenSSLWrapper.h; sourceTree = "<group>"; };
		0D3EA61C154877670088EFE1 /* OpenSSLWrapper.mm */ = {isa = PBXFileReference; fileEncoding = 4; lastKnownFileType = sourcecode.cpp.objcpp; path = OpenSSLWrapper.mm; sourceTree = "<group>"; };
		0D3EA61E1548783D0088EFE1 /* PushCoinConfig.h */ = {isa = PBXFileReference; fileEncoding = 4; lastKnownFileType = sourcecode.c.h; path = PushCoinConfig.h; sourceTree = "<group>"; };
		0D3EA61F1548783D0088EFE1 /* PushCoinConfig.m */ = {isa = PBXFileReference; fileEncoding = 4; lastKnownFileType = sourcecode.c.objc; path = PushCoinConfig.m; sourceTree = "<group>"; };
		0D3EA6211548FB0A0088EFE1 /* PushCoinWebService.h */ = {isa = PBXFileReference; fileEncoding = 4; lastKnownFileType = sourcecode.c.h; path = PushCoinWebService.h; sourceTree = "<group>"; };
		0D3EA6221548FB0A0088EFE1 /* PushCoinWebService.m */ = {isa = PBXFileReference; fileEncoding = 4; lastKnownFileType = sourcecode.c.objc; path = PushCoinWebService.m; sourceTree = "<group>"; };
		0D3EA63D154936C50088EFE1 /* ChallengeController.h */ = {isa = PBXFileReference; fileEncoding = 4; lastKnownFileType = sourcecode.c.h; path = ChallengeController.h; sourceTree = "<group>"; };
		0D3EA63E154936C50088EFE1 /* ChallengeController.m */ = {isa = PBXFileReference; fileEncoding = 4; lastKnownFileType = sourcecode.c.objc; path = ChallengeController.m; sourceTree = "<group>"; };
		0D4923CC156B272C00626AC2 /* GMGridView.xcodeproj */ = {isa = PBXFileReference; lastKnownFileType = "wrapper.pb-project"; name = GMGridView.xcodeproj; path = ../../../v1/GMGridView/GMGridView/GMGridView.xcodeproj; sourceTree = "<group>"; };
		0D4923D8156B3CA900626AC2 /* 1.00.png */ = {isa = PBXFileReference; lastKnownFileType = image.png; path = 1.00.png; sourceTree = "<group>"; };
		0D4923D9156B3CA900626AC2 /* 1.00@2x.png */ = {isa = PBXFileReference; lastKnownFileType = image.png; path = "1.00@2x.png"; sourceTree = "<group>"; };
		0D4923DA156B3CA900626AC2 /* 5.00.png */ = {isa = PBXFileReference; lastKnownFileType = image.png; path = 5.00.png; sourceTree = "<group>"; };
		0D4923DB156B3CA900626AC2 /* 5.00@2x.png */ = {isa = PBXFileReference; lastKnownFileType = image.png; path = "5.00@2x.png"; sourceTree = "<group>"; };
		0D4923DC156B3CA900626AC2 /* 10.00.png */ = {isa = PBXFileReference; lastKnownFileType = image.png; path = 10.00.png; sourceTree = "<group>"; };
		0D4923DD156B3CA900626AC2 /* 10.00@2x.png */ = {isa = PBXFileReference; lastKnownFileType = image.png; path = "10.00@2x.png"; sourceTree = "<group>"; };
		0D4923DE156B3CA900626AC2 /* 50.00.png */ = {isa = PBXFileReference; lastKnownFileType = image.png; path = 50.00.png; sourceTree = "<group>"; };
		0D4923DF156B3CA900626AC2 /* 50.00@2x.png */ = {isa = PBXFileReference; lastKnownFileType = image.png; path = "50.00@2x.png"; sourceTree = "<group>"; };
		0D4923E0156B3CA900626AC2 /* 100.00.png */ = {isa = PBXFileReference; lastKnownFileType = image.png; path = 100.00.png; sourceTree = "<group>"; };
		0D4923E1156B3CA900626AC2 /* 100.00@2x.png */ = {isa = PBXFileReference; lastKnownFileType = image.png; path = "100.00@2x.png"; sourceTree = "<group>"; };
		0D4923E2156B3CA900626AC2 /* 500.00.png */ = {isa = PBXFileReference; lastKnownFileType = image.png; path = 500.00.png; sourceTree = "<group>"; };
		0D4923E3156B3CA900626AC2 /* 500.00@2x.png */ = {isa = PBXFileReference; lastKnownFileType = image.png; path = "500.00@2x.png"; sourceTree = "<group>"; };
		0D7A8F7E154202EC00634A79 /* AddressBook.framework */ = {isa = PBXFileReference; lastKnownFileType = wrapper.framework; name = AddressBook.framework; path = System/Library/Frameworks/AddressBook.framework; sourceTree = SDKROOT; };
		0D7A8F7F154202EC00634A79 /* AddressBookUI.framework */ = {isa = PBXFileReference; lastKnownFileType = wrapper.framework; name = AddressBookUI.framework; path = System/Library/Frameworks/AddressBookUI.framework; sourceTree = SDKROOT; };
		0D7A8F82154202F700634A79 /* AudioToolbox.framework */ = {isa = PBXFileReference; lastKnownFileType = wrapper.framework; name = AudioToolbox.framework; path = System/Library/Frameworks/AudioToolbox.framework; sourceTree = SDKROOT; };
		0D7A8F841542030100634A79 /* AVFoundation.framework */ = {isa = PBXFileReference; lastKnownFileType = wrapper.framework; name = AVFoundation.framework; path = System/Library/Frameworks/AVFoundation.framework; sourceTree = SDKROOT; };
		0D7A8F861542031400634A79 /* CoreMedia.framework */ = {isa = PBXFileReference; lastKnownFileType = wrapper.framework; name = CoreMedia.framework; path = System/Library/Frameworks/CoreMedia.framework; sourceTree = SDKROOT; };
		0D7A8F871542031400634A79 /* CoreVideo.framework */ = {isa = PBXFileReference; lastKnownFileType = wrapper.framework; name = CoreVideo.framework; path = System/Library/Frameworks/CoreVideo.framework; sourceTree = SDKROOT; };
		0D7A8F8A1542031C00634A79 /* libiconv.dylib */ = {isa = PBXFileReference; lastKnownFileType = "compiled.mach-o.dylib"; name = libiconv.dylib; path = usr/lib/libiconv.dylib; sourceTree = SDKROOT; };
		0D7A8FBB154217CD00634A79 /* CoreAudio.framework */ = {isa = PBXFileReference; lastKnownFileType = wrapper.framework; name = CoreAudio.framework; path = System/Library/Frameworks/CoreAudio.framework; sourceTree = SDKROOT; };
		0D7A8FBE154218B700634A79 /* QuartzCore.framework */ = {isa = PBXFileReference; lastKnownFileType = wrapper.framework; name = QuartzCore.framework; path = System/Library/Frameworks/QuartzCore.framework; sourceTree = SDKROOT; };
		0D7A8FC015421B7000634A79 /* QRCodeEncoderObjectiveCAtGithub.xcodeproj */ = {isa = PBXFileReference; lastKnownFileType = "wrapper.pb-project"; name = QRCodeEncoderObjectiveCAtGithub.xcodeproj; path = ../../../v1/QRCodeEncoderObjectiveC/QRCodeEncoderObjectiveCAtGithub.xcodeproj; sourceTree = "<group>"; };
		0D7A8FE31542609600634A79 /* SettingsController.h */ = {isa = PBXFileReference; fileEncoding = 4; lastKnownFileType = sourcecode.c.h; path = SettingsController.h; sourceTree = "<group>"; };
		0D7A8FE41542609600634A79 /* SettingsController.mm */ = {isa = PBXFileReference; fileEncoding = 4; lastKnownFileType = sourcecode.cpp.objcpp; path = SettingsController.mm; sourceTree = "<group>"; };
		0D7A8FE61542633100634A79 /* ZXingWidget.xcodeproj */ = {isa = PBXFileReference; lastKnownFileType = "wrapper.pb-project"; name = ZXingWidget.xcodeproj; path = "../../../v1/zxing-2.0/iphone/ZXingWidget/ZXingWidget.xcodeproj"; sourceTree = "<group>"; };
		0D7A8FF51543614000634A79 /* QRViewController.h */ = {isa = PBXFileReference; fileEncoding = 4; lastKnownFileType = sourcecode.c.h; path = QRViewController.h; sourceTree = "<group>"; };
		0D7A8FF61543614000634A79 /* QRViewController.mm */ = {isa = PBXFileReference; fileEncoding = 4; lastKnownFileType = sourcecode.cpp.objcpp; path = QRViewController.mm; sourceTree = "<group>"; };
		0D7E10B7155FF82800429C9A /* NSData+BytesToHexString.h */ = {isa = PBXFileReference; fileEncoding = 4; lastKnownFileType = sourcecode.c.h; name = "NSData+BytesToHexString.h"; path = "PushCoin/NSData+BytesToHexString.h"; sourceTree = "<group>"; };
		0D7E10B8155FF82800429C9A /* NSData+BytesToHexString.m */ = {isa = PBXFileReference; fileEncoding = 4; lastKnownFileType = sourcecode.c.objc; name = "NSData+BytesToHexString.m"; path = "PushCoin/NSData+BytesToHexString.m"; sourceTree = "<group>"; };
		0D7E10BA155FF8E200429C9A /* NSString+HexStringToBytes.h */ = {isa = PBXFileReference; fileEncoding = 4; lastKnownFileType = sourcecode.c.h; name = "NSString+HexStringToBytes.h"; path = "PushCoin/NSString+HexStringToBytes.h"; sourceTree = "<group>"; };
		0D7E10BB155FF8E200429C9A /* NSString+HexStringToBytes.m */ = {isa = PBXFileReference; fileEncoding = 4; lastKnownFileType = sourcecode.c.objc; name = "NSString+HexStringToBytes.m"; path = "PushCoin/NSString+HexStringToBytes.m"; sourceTree = "<group>"; };
		0D887E3A15688DC9004228F3 /* title.png */ = {isa = PBXFileReference; lastKnownFileType = image.png; path = title.png; sourceTree = "<group>"; };
		0D887E3E15689CD5004228F3 /* display_background.png */ = {isa = PBXFileReference; lastKnownFileType = image.png; path = display_background.png; sourceTree = "<group>"; };
		0D887E4015689CE0004228F3 /* display_background@2x.png */ = {isa = PBXFileReference; lastKnownFileType = image.png; path = "display_background@2x.png"; sourceTree = "<group>"; };
		0D887E4215689F20004228F3 /* logo.png */ = {isa = PBXFileReference; lastKnownFileType = image.png; path = logo.png; sourceTree = "<group>"; };
		0D887E441568A0CD004228F3 /* shortcut_grid_background.png */ = {isa = PBXFileReference; lastKnownFileType = image.png; path = shortcut_grid_background.png; sourceTree = "<group>"; };
		0D887E451568A0CD004228F3 /* shortcut_grid_background@2x.png */ = {isa = PBXFileReference; lastKnownFileType = image.png; path = "shortcut_grid_background@2x.png"; sourceTree = "<group>"; };
		0DACCD721558A02A00A69DED /* PCOSParser.h */ = {isa = PBXFileReference; fileEncoding = 4; lastKnownFileType = sourcecode.c.h; path = PCOSParser.h; sourceTree = "<group>"; };
		0DACCD731558A02A00A69DED /* PCOSParser.m */ = {isa = PBXFileReference; fileEncoding = 4; lastKnownFileType = sourcecode.c.objc; path = PCOSParser.m; sourceTree = "<group>"; };
		0DAFD23115478E5E0010459A /* openssl.xcodeproj */ = {isa = PBXFileReference; lastKnownFileType = "wrapper.pb-project"; name = openssl.xcodeproj; path = "../../../v1/openssl-xcode/openssl.xcodeproj"; sourceTree = "<group>"; };
		0DAFD24A1547A8180010459A /* KeychainItemWrapper.h */ = {isa = PBXFileReference; fileEncoding = 4; lastKnownFileType = sourcecode.c.h; path = KeychainItemWrapper.h; sourceTree = "<group>"; };
		0DAFD24B1547A8180010459A /* KeychainItemWrapper.m */ = {isa = PBXFileReference; fileEncoding = 4; lastKnownFileType = sourcecode.c.objc; path = KeychainItemWrapper.m; sourceTree = "<group>"; };
		0DAFD24D1547ACBA0010459A /* Security.framework */ = {isa = PBXFileReference; lastKnownFileType = wrapper.framework; name = Security.framework; path = System/Library/Frameworks/Security.framework; sourceTree = SDKROOT; };
		0DB67A5B1564C8C200CA997C /* NSData+Base64.h */ = {isa = PBXFileReference; fileEncoding = 4; lastKnownFileType = sourcecode.c.h; name = "NSData+Base64.h"; path = "PushCoin/NSData+Base64.h"; sourceTree = "<group>"; };
		0DB67A5C1564C8C200CA997C /* NSData+Base64.m */ = {isa = PBXFileReference; fileEncoding = 4; lastKnownFileType = sourcecode.c.objc; name = "NSData+Base64.m"; path = "PushCoin/NSData+Base64.m"; sourceTree = "<group>"; };
		0DBC49191543BF3700E56EDF /* KeypadView.h */ = {isa = PBXFileReference; fileEncoding = 4; lastKnownFileType = sourcecode.c.h; path = KeypadView.h; sourceTree = "<group>"; };
		0DBC491A1543BF3700E56EDF /* KeypadView.m */ = {isa = PBXFileReference; fileEncoding = 4; lastKnownFileType = sourcecode.c.objc; path = KeypadView.m; sourceTree = "<group>"; };
		0DCCD2261564E221006C9526 /* pushcoin_dsa.pub */ = {isa = PBXFileReference; explicitFileType = text; fileEncoding = 4; path = pushcoin_dsa.pub; sourceTree = "<group>"; };
		0DD692B515660FC500391E25 /* iphone_delete_button.png */ = {isa = PBXFileReference; lastKnownFileType = image.png; path = iphone_delete_button.png; sourceTree = "<group>"; };
		0DDD0958156F19FC001C36BB /* PaymentDetailsController.h */ = {isa = PBXFileReference; fileEncoding = 4; lastKnownFileType = sourcecode.c.h; path = PaymentDetailsController.h; sourceTree = "<group>"; };
		0DDD0959156F19FC001C36BB /* PaymentDetailsController.m */ = {isa = PBXFileReference; fileEncoding = 4; lastKnownFileType = sourcecode.c.objc; path = PaymentDetailsController.m; sourceTree = "<group>"; };
		0DDD095B156F1A41001C36BB /* PaymentTipCell.h */ = {isa = PBXFileReference; fileEncoding = 4; lastKnownFileType = sourcecode.c.h; path = PaymentTipCell.h; sourceTree = "<group>"; };
		0DDD095C156F1A41001C36BB /* PaymentTipCell.m */ = {isa = PBXFileReference; fileEncoding = 4; lastKnownFileType = sourcecode.c.objc; path = PaymentTipCell.m; sourceTree = "<group>"; };
		0DE9FA70155A1D4700FACDA7 /* RegistrationController.h */ = {isa = PBXFileReference; fileEncoding = 4; lastKnownFileType = sourcecode.c.h; path = RegistrationController.h; sourceTree = "<group>"; };
		0DE9FA71155A1D4700FACDA7 /* RegistrationController.m */ = {isa = PBXFileReference; fileEncoding = 4; lastKnownFileType = sourcecode.c.objc; path = RegistrationController.m; sourceTree = "<group>"; };
		0DED6562156DB2AF00E27A72 /* KeypadController.h */ = {isa = PBXFileReference; fileEncoding = 4; lastKnownFileType = sourcecode.c.h; path = KeypadController.h; sourceTree = "<group>"; };
		0DED6563156DB2AF00E27A72 /* KeypadController.m */ = {isa = PBXFileReference; fileEncoding = 4; lastKnownFileType = sourcecode.c.objc; path = KeypadController.m; sourceTree = "<group>"; };
		0DED6565156DCDE400E27A72 /* remove.png */ = {isa = PBXFileReference; lastKnownFileType = image.png; path = remove.png; sourceTree = "<group>"; };
		0DED6566156DCDE400E27A72 /* remove@2x.png */ = {isa = PBXFileReference; lastKnownFileType = image.png; path = "remove@2x.png"; sourceTree = "<group>"; };
		0DF680251545B28500F5E784 /* README */ = {isa = PBXFileReference; fileEncoding = 4; lastKnownFileType = text; path = README; sourceTree = "<group>"; };
		0DF6C5C61563446500E28B99 /* MainTabBarController.h */ = {isa = PBXFileReference; fileEncoding = 4; lastKnownFileType = sourcecode.c.h; path = MainTabBarController.h; sourceTree = "<group>"; };
		0DF6C5C71563446600E28B99 /* MainTabBarController.m */ = {isa = PBXFileReference; fileEncoding = 4; lastKnownFileType = sourcecode.c.objc; path = MainTabBarController.m; sourceTree = "<group>"; };
		0DF6C5CF15636C9400E28B99 /* PushCoinLogo-Large.png */ = {isa = PBXFileReference; lastKnownFileType = image.png; path = "PushCoinLogo-Large.png"; sourceTree = "<group>"; };
		0DF6C5D015636C9400E28B99 /* PushCoinLogo-Small.png */ = {isa = PBXFileReference; lastKnownFileType = image.png; path = "PushCoinLogo-Small.png"; sourceTree = "<group>"; };
		0DF8D8DF156E139300AEA91D /* HistoryController.h */ = {isa = PBXFileReference; fileEncoding = 4; lastKnownFileType = sourcecode.c.h; path = HistoryController.h; sourceTree = "<group>"; };
		0DF8D8E0156E139300AEA91D /* HistoryController.m */ = {isa = PBXFileReference; fileEncoding = 4; lastKnownFileType = sourcecode.c.objc; path = HistoryController.m; sourceTree = "<group>"; };
		0DF8D8E2156E1E1800AEA91D /* PushCoinTransaction.h */ = {isa = PBXFileReference; fileEncoding = 4; lastKnownFileType = sourcecode.c.h; path = PushCoinTransaction.h; sourceTree = "<group>"; };
		0DF8D8E3156E1E1800AEA91D /* PushCoinTransaction.m */ = {isa = PBXFileReference; fileEncoding = 4; lastKnownFileType = sourcecode.c.objc; path = PushCoinTransaction.m; sourceTree = "<group>"; };
		0DF8D8E5156E253F00AEA91D /* startup_background.png */ = {isa = PBXFileReference; lastKnownFileType = image.png; path = startup_background.png; sourceTree = "<group>"; };
		0DF8D8E6156E253F00AEA91D /* startup_background@2x.png */ = {isa = PBXFileReference; lastKnownFileType = image.png; path = "startup_background@2x.png"; sourceTree = "<group>"; };
		0DF8D8E9156E255600AEA91D /* Default.png */ = {isa = PBXFileReference; lastKnownFileType = image.png; path = Default.png; sourceTree = "<group>"; };
		0DF8D8EB156E255B00AEA91D /* Default@2x.png */ = {isa = PBXFileReference; lastKnownFileType = image.png; path = "Default@2x.png"; sourceTree = "<group>"; };
		0DF8D8ED156EFF3100AEA91D /* TransactionCell.h */ = {isa = PBXFileReference; fileEncoding = 4; lastKnownFileType = sourcecode.c.h; path = TransactionCell.h; sourceTree = "<group>"; };
		0DF8D8EE156EFF3200AEA91D /* TransactionCell.m */ = {isa = PBXFileReference; fileEncoding = 4; lastKnownFileType = sourcecode.c.objc; path = TransactionCell.m; sourceTree = "<group>"; };
/* End PBXFileReference section */

/* Begin PBXFrameworksBuildPhase section */
		0D19E2C51541CCAE00C8671B /* Frameworks */ = {
			isa = PBXFrameworksBuildPhase;
			buildActionMask = 2147483647;
			files = (
				0D4923D7156B274400626AC2 /* libGMGridView.a in Frameworks */,
				0D4923CA1568C37A00626AC2 /* libiconv.dylib in Frameworks */,
				0D7A8FBF154218B700634A79 /* QuartzCore.framework in Frameworks */,
				0D0B3831155A0D15002BF845 /* libcrypto.a in Frameworks */,
				0D0B3832155A0D15002BF845 /* libqrencoder.a in Frameworks */,
				0D0B3833155A0D15002BF845 /* libZXingWidget.a in Frameworks */,
				0DAFD24E1547ACBB0010459A /* Security.framework in Frameworks */,
				0D7A8F881542031400634A79 /* CoreMedia.framework in Frameworks */,
				0D7A8F891542031400634A79 /* CoreVideo.framework in Frameworks */,
				0D7A8F851542030100634A79 /* AVFoundation.framework in Frameworks */,
				0D7A8F83154202F700634A79 /* AudioToolbox.framework in Frameworks */,
				0D7A8F80154202EC00634A79 /* AddressBook.framework in Frameworks */,
				0D7A8F81154202EC00634A79 /* AddressBookUI.framework in Frameworks */,
				0D19E2CD1541CCAE00C8671B /* UIKit.framework in Frameworks */,
				0D19E2CF1541CCAE00C8671B /* Foundation.framework in Frameworks */,
				0D19E2D11541CCAE00C8671B /* CoreGraphics.framework in Frameworks */,
			);
			runOnlyForDeploymentPostprocessing = 0;
		};
/* End PBXFrameworksBuildPhase section */

/* Begin PBXGroup section */
		0D0B37CD155A0B73002BF845 /* Products */ = {
			isa = PBXGroup;
			children = (
				0D0B37D1155A0B73002BF845 /* libcrypto.a */,
			);
			name = Products;
			sourceTree = "<group>";
		};
		0D0B37D5155A0B86002BF845 /* Products */ = {
			isa = PBXGroup;
			children = (
				0D0B37DA155A0B86002BF845 /* libZXingWidget.a */,
				0D0B37DC155A0B86002BF845 /* ZXingTests.octest */,
			);
			name = Products;
			sourceTree = "<group>";
		};
		0D0B37E0155A0B94002BF845 /* Products */ = {
			isa = PBXGroup;
			children = (
				0D0B37E4155A0B94002BF845 /* libqrencoder.a */,
			);
			name = Products;
			sourceTree = "<group>";
		};
		0D19E2BD1541CCAE00C8671B = {
			isa = PBXGroup;
			children = (
				0D19E2D21541CCAE00C8671B /* PushCoin.App */,
				0D7A8F7A154202A800634A79 /* Dependencies */,
				0DBC491D1543C59A00E56EDF /* Resources */,
				0D19E2CB1541CCAE00C8671B /* Frameworks */,
				0D19E2C91541CCAE00C8671B /* Products */,
				0DF680251545B28500F5E784 /* README */,
			);
			sourceTree = "<group>";
		};
		0D19E2C91541CCAE00C8671B /* Products */ = {
			isa = PBXGroup;
			children = (
				0D19E2C81541CCAE00C8671B /* PushCoin.app */,
			);
			name = Products;
			sourceTree = "<group>";
		};
		0D19E2CB1541CCAE00C8671B /* Frameworks */ = {
			isa = PBXGroup;
			children = (
				0D7A8F8A1542031C00634A79 /* libiconv.dylib */,
				0DAFD24D1547ACBA0010459A /* Security.framework */,
				0D7A8FBE154218B700634A79 /* QuartzCore.framework */,
				0D7A8FBB154217CD00634A79 /* CoreAudio.framework */,
				0D7A8F861542031400634A79 /* CoreMedia.framework */,
				0D7A8F871542031400634A79 /* CoreVideo.framework */,
				0D7A8F841542030100634A79 /* AVFoundation.framework */,
				0D7A8F82154202F700634A79 /* AudioToolbox.framework */,
				0D7A8F7E154202EC00634A79 /* AddressBook.framework */,
				0D7A8F7F154202EC00634A79 /* AddressBookUI.framework */,
				0D19E2CC1541CCAE00C8671B /* UIKit.framework */,
				0D19E2CE1541CCAE00C8671B /* Foundation.framework */,
				0D19E2D01541CCAE00C8671B /* CoreGraphics.framework */,
			);
			name = Frameworks;
			sourceTree = "<group>";
		};
		0D19E2D21541CCAE00C8671B /* PushCoin.App */ = {
			isa = PBXGroup;
			children = (
				0DAFD22D15475A9E0010459A /* PushCoin */,
				0D37760B15683916003FB8B3 /* Utilities */,
				0D37761315683B17003FB8B3 /* ViewControllers */,
				0D19E2D31541CCAE00C8671B /* Supporting Files */,
				0D19E2DB1541CCAE00C8671B /* AppDelegate.h */,
				0D19E2DC1541CCAE00C8671B /* AppDelegate.m */,
			);
			name = PushCoin.App;
			path = PushCoin;
			sourceTree = "<group>";
		};
		0D19E2D31541CCAE00C8671B /* Supporting Files */ = {
			isa = PBXGroup;
			children = (
				0D19E2D41541CCAE00C8671B /* PushCoin-Info.plist */,
				0D19E2D51541CCAE00C8671B /* InfoPlist.strings */,
				0D19E2D81541CCAE00C8671B /* main.m */,
				0D19E2DA1541CCAE00C8671B /* PushCoin-Prefix.pch */,
			);
			name = "Supporting Files";
			sourceTree = "<group>";
		};
		0D37760A15683744003FB8B3 /* Scanner */ = {
			isa = PBXGroup;
			children = (
			);
			name = Scanner;
			sourceTree = "<group>";
		};
		0D37760B15683916003FB8B3 /* Utilities */ = {
			isa = PBXGroup;
			children = (
				0DB67A5B1564C8C200CA997C /* NSData+Base64.h */,
				0DB67A5C1564C8C200CA997C /* NSData+Base64.m */,
				0D7E10B7155FF82800429C9A /* NSData+BytesToHexString.h */,
				0D7E10B8155FF82800429C9A /* NSData+BytesToHexString.m */,
				0D7E10BA155FF8E200429C9A /* NSString+HexStringToBytes.h */,
				0D7E10BB155FF8E200429C9A /* NSString+HexStringToBytes.m */,
				0D377610156839BC003FB8B3 /* Common.h */,
				0D377611156839BC003FB8B3 /* Common.m */,
			);
			name = Utilities;
			path = ..;
			sourceTree = "<group>";
		};
		0D37761315683B17003FB8B3 /* ViewControllers */ = {
			isa = PBXGroup;
			children = (
				0DBC491C1543C58200E56EDF /* KeyPad */,
				0D19E2DE1541CCAE00C8671B /* MainStoryboard.storyboard */,
				0DF6C5C61563446500E28B99 /* MainTabBarController.h */,
				0DF6C5C71563446600E28B99 /* MainTabBarController.m */,
				0D19E2E11541CCAE00C8671B /* PayController.h */,
				0D19E2E21541CCAE00C8671B /* PayController.mm */,
				0D37760C15683949003FB8B3 /* PaymentCell.h */,
				0D37760D15683949003FB8B3 /* PaymentCell.m */,
				0D19E2E81541CCAE00C8671B /* ReceiveController.h */,
				0D19E2E91541CCAE00C8671B /* ReceiveController.mm */,
				0D7A8FE31542609600634A79 /* SettingsController.h */,
				0D7A8FE41542609600634A79 /* SettingsController.mm */,
				0D7A8FF51543614000634A79 /* QRViewController.h */,
				0D7A8FF61543614000634A79 /* QRViewController.mm */,
				0D3EA63D154936C50088EFE1 /* ChallengeController.h */,
				0D3EA63E154936C50088EFE1 /* ChallengeController.m */,
				0DE9FA70155A1D4700FACDA7 /* RegistrationController.h */,
				0DE9FA71155A1D4700FACDA7 /* RegistrationController.m */,
				0DED6562156DB2AF00E27A72 /* KeypadController.h */,
				0DED6563156DB2AF00E27A72 /* KeypadController.m */,
				0DF8D8DF156E139300AEA91D /* HistoryController.h */,
				0DF8D8E0156E139300AEA91D /* HistoryController.m */,
				0DF8D8ED156EFF3100AEA91D /* TransactionCell.h */,
				0DF8D8EE156EFF3200AEA91D /* TransactionCell.m */,
				0DDD0958156F19FC001C36BB /* PaymentDetailsController.h */,
				0DDD0959156F19FC001C36BB /* PaymentDetailsController.m */,
				0DDD095B156F1A41001C36BB /* PaymentTipCell.h */,
				0DDD095C156F1A41001C36BB /* PaymentTipCell.m */,
			);
			name = ViewControllers;
			sourceTree = "<group>";
		};
		0D3EA6BD154F629F0088EFE1 /* Messaging */ = {
			isa = PBXGroup;
			children = (
				0D20D8A515576E1700098838 /* PCOS-CPP.h */,
				0D20D89615571ED300098838 /* PCOS.h */,
				0D20D89715571ED300098838 /* PCOS.m */,
				0D20D89A15571ED300098838 /* PCOSMessage.h */,
				0D20D89B15571ED300098838 /* PCOSMessage.m */,
				0D20D89E15571ED300098838 /* PCOSTypes.h */,
				0D20D89F15571ED300098838 /* PCOSTypes.m */,
				0DACCD721558A02A00A69DED /* PCOSParser.h */,
				0DACCD731558A02A00A69DED /* PCOSParser.m */,
			);
			name = Messaging;
			sourceTree = "<group>";
		};
		0D4923CD156B272C00626AC2 /* Products */ = {
			isa = PBXGroup;
			children = (
				0D4923D4156B272C00626AC2 /* libGMGridView.a */,
			);
			name = Products;
			sourceTree = "<group>";
		};
		0D7A8F7A154202A800634A79 /* Dependencies */ = {
			isa = PBXGroup;
			children = (
				0D4923CC156B272C00626AC2 /* GMGridView.xcodeproj */,
				0DAFD23115478E5E0010459A /* openssl.xcodeproj */,
				0D7A8FE61542633100634A79 /* ZXingWidget.xcodeproj */,
				0D7A8FC015421B7000634A79 /* QRCodeEncoderObjectiveCAtGithub.xcodeproj */,
			);
			name = Dependencies;
			sourceTree = "<group>";
		};
		0DAFD22D15475A9E0010459A /* PushCoin */ = {
			isa = PBXGroup;
			children = (
				0D37760A15683744003FB8B3 /* Scanner */,
				0DAFD2491547A7ED0010459A /* Security */,
				0D3EA6BD154F629F0088EFE1 /* Messaging */,
				0D3EA61E1548783D0088EFE1 /* PushCoinConfig.h */,
				0D3EA61F1548783D0088EFE1 /* PushCoinConfig.m */,
				0D20D89C15571ED300098838 /* PushCoinMessages.h */,
				0D20D89D15571ED300098838 /* PushCoinMessages.m */,
				0D3EA6211548FB0A0088EFE1 /* PushCoinWebService.h */,
				0D3EA6221548FB0A0088EFE1 /* PushCoinWebService.m */,
				0D37761415684E8B003FB8B3 /* PushCoinPayment.h */,
				0D37761515684E8B003FB8B3 /* PushCoinPayment.m */,
				0DF8D8E2156E1E1800AEA91D /* PushCoinTransaction.h */,
				0DF8D8E3156E1E1800AEA91D /* PushCoinTransaction.m */,
			);
			name = PushCoin;
			sourceTree = "<group>";
		};
		0DAFD2491547A7ED0010459A /* Security */ = {
			isa = PBXGroup;
			children = (
				0D3EA619154872FB0088EFE1 /* pushcoin_rsa.pub */,
				0DCCD2261564E221006C9526 /* pushcoin_dsa.pub */,
				0DAFD24A1547A8180010459A /* KeychainItemWrapper.h */,
				0DAFD24B1547A8180010459A /* KeychainItemWrapper.m */,
				0D3EA61B154877670088EFE1 /* OpenSSLWrapper.h */,
				0D3EA61C154877670088EFE1 /* OpenSSLWrapper.mm */,
			);
			name = Security;
			sourceTree = "<group>";
		};
		0DBC48D21543BF2F00E56EDF /* KeyBGs */ = {
			isa = PBXGroup;
			children = (
				0D0B37E5155A0CCB002BF845 /* keyBG_touched.png */,
				0D0B37E6155A0CCB002BF845 /* keyBG.png */,
				0D0B37E7155A0CCB002BF845 /* keyNE_BG_touched.png */,
				0D0B37E8155A0CCB002BF845 /* keyNE_BG.png */,
				0D0B37E9155A0CCB002BF845 /* keyNW_BG_touched.png */,
				0D0B37EA155A0CCB002BF845 /* keyNW_BG.png */,
				0D0B37EB155A0CCB002BF845 /* keySE_BG_touched.png */,
				0D0B37EC155A0CCB002BF845 /* keySE_BG.png */,
				0D0B37ED155A0CCB002BF845 /* keySW_BG_touched.png */,
				0D0B37EE155A0CCB002BF845 /* keySW_BG.png */,
				0D0B37EF155A0CCB002BF845 /* numpad-bg_0_h.png */,
				0D0B37F0155A0CCB002BF845 /* numpad-bg_0.png */,
				0D0B37F1155A0CCB002BF845 /* numpad-bg_1_h.png */,
				0D0B37F2155A0CCB002BF845 /* numpad-bg_1.png */,
				0D0B37F3155A0CCB002BF845 /* numpad-bg_2_h.png */,
				0D0B37F4155A0CCB002BF845 /* numpad-bg_2.png */,
				0D0B37F5155A0CCB002BF845 /* numpad-bg_3_h.png */,
				0D0B37F6155A0CCB002BF845 /* numpad-bg_3.png */,
				0D0B37F7155A0CCB002BF845 /* numpad-bg_4_h.png */,
				0D0B37F8155A0CCB002BF845 /* numpad-bg_4.png */,
				0D0B37F9155A0CCB002BF845 /* numpad-bg_5_h.png */,
				0D0B37FA155A0CCB002BF845 /* numpad-bg_5.png */,
				0D0B37FB155A0CCB002BF845 /* numpad-bg_6_h.png */,
				0D0B37FC155A0CCB002BF845 /* numpad-bg_6.png */,
				0D0B37FD155A0CCB002BF845 /* numpad-bg_7_h.png */,
				0D0B37FE155A0CCB002BF845 /* numpad-bg_7.png */,
				0D0B37FF155A0CCB002BF845 /* numpad-bg_8_h.png */,
				0D0B3800155A0CCB002BF845 /* numpad-bg_8.png */,
				0D0B3801155A0CCB002BF845 /* numpad-bg_9_h.png */,
				0D0B3802155A0CCB002BF845 /* numpad-bg_9.png */,
				0D0B3803155A0CCB002BF845 /* numpad-bg_10_h.png */,
				0D0B3804155A0CCB002BF845 /* numpad-bg_10.png */,
				0D0B3805155A0CCB002BF845 /* numpad-bg_11_h.png */,
				0D0B3806155A0CCB002BF845 /* numpad-bg_11.png */,
			);
			name = KeyBGs;
			path = ../../v1/KeyPad;
			sourceTree = "<group>";
		};
		0DBC491C1543C58200E56EDF /* KeyPad */ = {
			isa = PBXGroup;
			children = (
				0DBC49191543BF3700E56EDF /* KeypadView.h */,
				0DBC491A1543BF3700E56EDF /* KeypadView.m */,
				0DBC48D21543BF2F00E56EDF /* KeyBGs */,
			);
			name = KeyPad;
			path = ../KeyPad;
			sourceTree = "<group>";
		};
		0DBC491D1543C59A00E56EDF /* Resources */ = {
			isa = PBXGroup;
			children = (
				0DF8D8EB156E255B00AEA91D /* Default@2x.png */,
				0DF8D8E9156E255600AEA91D /* Default.png */,
				0DF8D8E5156E253F00AEA91D /* startup_background.png */,
				0DF8D8E6156E253F00AEA91D /* startup_background@2x.png */,
				0DED6565156DCDE400E27A72 /* remove.png */,
				0DED6566156DCDE400E27A72 /* remove@2x.png */,
				0D4923D8156B3CA900626AC2 /* 1.00.png */,
				0D4923D9156B3CA900626AC2 /* 1.00@2x.png */,
				0D4923DA156B3CA900626AC2 /* 5.00.png */,
				0D4923DB156B3CA900626AC2 /* 5.00@2x.png */,
				0D4923DC156B3CA900626AC2 /* 10.00.png */,
				0D4923DD156B3CA900626AC2 /* 10.00@2x.png */,
				0D4923DE156B3CA900626AC2 /* 50.00.png */,
				0D4923DF156B3CA900626AC2 /* 50.00@2x.png */,
				0D4923E0156B3CA900626AC2 /* 100.00.png */,
				0D4923E1156B3CA900626AC2 /* 100.00@2x.png */,
				0D4923E2156B3CA900626AC2 /* 500.00.png */,
				0D4923E3156B3CA900626AC2 /* 500.00@2x.png */,
				0D887E441568A0CD004228F3 /* shortcut_grid_background.png */,
				0D887E451568A0CD004228F3 /* shortcut_grid_background@2x.png */,
				0D887E4215689F20004228F3 /* logo.png */,
				0D887E4015689CE0004228F3 /* display_background@2x.png */,
				0D887E3E15689CD5004228F3 /* display_background.png */,
				0D887E3A15688DC9004228F3 /* title.png */,
				0DD692B515660FC500391E25 /* iphone_delete_button.png */,
				0DF6C5CF15636C9400E28B99 /* PushCoinLogo-Large.png */,
				0DF6C5D015636C9400E28B99 /* PushCoinLogo-Small.png */,
				0D19E2E41541CCAE00C8671B /* first.png */,
				0D19E2E61541CCAE00C8671B /* first@2x.png */,
				0D19E2EB1541CCAE00C8671B /* second.png */,
				0D19E2ED1541CCAE00C8671B /* second@2x.png */,
			);
			path = Resources;
			sourceTree = "<group>";
		};
/* End PBXGroup section */

/* Begin PBXNativeTarget section */
		0D19E2C71541CCAE00C8671B /* PushCoin */ = {
			isa = PBXNativeTarget;
			buildConfigurationList = 0D19E2F11541CCAE00C8671B /* Build configuration list for PBXNativeTarget "PushCoin" */;
			buildPhases = (
				0D19E2C41541CCAE00C8671B /* Sources */,
				0D19E2C51541CCAE00C8671B /* Frameworks */,
				0D19E2C61541CCAE00C8671B /* Resources */,
			);
			buildRules = (
				0D3EA6681549CB070088EFE1 /* PBXBuildRule */,
			);
			dependencies = (
				0D4923D6156B273F00626AC2 /* PBXTargetDependency */,
				0D0B382A155A0D06002BF845 /* PBXTargetDependency */,
				0D0B382E155A0D06002BF845 /* PBXTargetDependency */,
				0D0B3830155A0D06002BF845 /* PBXTargetDependency */,
			);
			name = PushCoin;
			productName = PushCoin;
			productReference = 0D19E2C81541CCAE00C8671B /* PushCoin.app */;
			productType = "com.apple.product-type.application";
		};
/* End PBXNativeTarget section */

/* Begin PBXProject section */
		0D19E2BF1541CCAE00C8671B /* Project object */ = {
			isa = PBXProject;
			attributes = {
				LastUpgradeCheck = 0430;
			};
			buildConfigurationList = 0D19E2C21541CCAE00C8671B /* Build configuration list for PBXProject "PushCoin" */;
			compatibilityVersion = "Xcode 3.2";
			developmentRegion = English;
			hasScannedForEncodings = 0;
			knownRegions = (
				en,
			);
			mainGroup = 0D19E2BD1541CCAE00C8671B;
			productRefGroup = 0D19E2C91541CCAE00C8671B /* Products */;
			projectDirPath = "";
			projectReferences = (
				{
					ProductGroup = 0D4923CD156B272C00626AC2 /* Products */;
					ProjectRef = 0D4923CC156B272C00626AC2 /* GMGridView.xcodeproj */;
				},
				{
					ProductGroup = 0D0B37CD155A0B73002BF845 /* Products */;
					ProjectRef = 0DAFD23115478E5E0010459A /* openssl.xcodeproj */;
				},
				{
					ProductGroup = 0D0B37E0155A0B94002BF845 /* Products */;
					ProjectRef = 0D7A8FC015421B7000634A79 /* QRCodeEncoderObjectiveCAtGithub.xcodeproj */;
				},
				{
					ProductGroup = 0D0B37D5155A0B86002BF845 /* Products */;
					ProjectRef = 0D7A8FE61542633100634A79 /* ZXingWidget.xcodeproj */;
				},
			);
			projectRoot = "";
			targets = (
				0D19E2C71541CCAE00C8671B /* PushCoin */,
			);
		};
/* End PBXProject section */

/* Begin PBXReferenceProxy section */
		0D0B37D1155A0B73002BF845 /* libcrypto.a */ = {
			isa = PBXReferenceProxy;
			fileType = archive.ar;
			path = libcrypto.a;
			remoteRef = 0D0B37D0155A0B73002BF845 /* PBXContainerItemProxy */;
			sourceTree = BUILT_PRODUCTS_DIR;
		};
		0D0B37DA155A0B86002BF845 /* libZXingWidget.a */ = {
			isa = PBXReferenceProxy;
			fileType = archive.ar;
			path = libZXingWidget.a;
			remoteRef = 0D0B37D9155A0B86002BF845 /* PBXContainerItemProxy */;
			sourceTree = BUILT_PRODUCTS_DIR;
		};
		0D0B37DC155A0B86002BF845 /* ZXingTests.octest */ = {
			isa = PBXReferenceProxy;
			fileType = wrapper.cfbundle;
			path = ZXingTests.octest;
			remoteRef = 0D0B37DB155A0B86002BF845 /* PBXContainerItemProxy */;
			sourceTree = BUILT_PRODUCTS_DIR;
		};
		0D0B37E4155A0B94002BF845 /* libqrencoder.a */ = {
			isa = PBXReferenceProxy;
			fileType = archive.ar;
			path = libqrencoder.a;
			remoteRef = 0D0B37E3155A0B94002BF845 /* PBXContainerItemProxy */;
			sourceTree = BUILT_PRODUCTS_DIR;
		};
		0D4923D4156B272C00626AC2 /* libGMGridView.a */ = {
			isa = PBXReferenceProxy;
			fileType = archive.ar;
			path = libGMGridView.a;
			remoteRef = 0D4923D3156B272C00626AC2 /* PBXContainerItemProxy */;
			sourceTree = BUILT_PRODUCTS_DIR;
		};
/* End PBXReferenceProxy section */

/* Begin PBXResourcesBuildPhase section */
		0D19E2C61541CCAE00C8671B /* Resources */ = {
			isa = PBXResourcesBuildPhase;
			buildActionMask = 2147483647;
			files = (
				0D19E2D71541CCAE00C8671B /* InfoPlist.strings in Resources */,
				0D19E2E01541CCAE00C8671B /* MainStoryboard.storyboard in Resources */,
				0D19E2E51541CCAE00C8671B /* first.png in Resources */,
				0D19E2E71541CCAE00C8671B /* first@2x.png in Resources */,
				0D19E2EC1541CCAE00C8671B /* second.png in Resources */,
				0D19E2EE1541CCAE00C8671B /* second@2x.png in Resources */,
				0DF680261545B28500F5E784 /* README in Resources */,
				0D3EA61A154872FB0088EFE1 /* pushcoin_rsa.pub in Resources */,
				0D0B3807155A0CCB002BF845 /* keyBG_touched.png in Resources */,
				0D0B3808155A0CCB002BF845 /* keyBG.png in Resources */,
				0D0B3809155A0CCB002BF845 /* keyNE_BG_touched.png in Resources */,
				0D0B380A155A0CCB002BF845 /* keyNE_BG.png in Resources */,
				0D0B380B155A0CCB002BF845 /* keyNW_BG_touched.png in Resources */,
				0D0B380C155A0CCB002BF845 /* keyNW_BG.png in Resources */,
				0D0B380D155A0CCB002BF845 /* keySE_BG_touched.png in Resources */,
				0D0B380E155A0CCB002BF845 /* keySE_BG.png in Resources */,
				0D0B380F155A0CCB002BF845 /* keySW_BG_touched.png in Resources */,
				0D0B3810155A0CCB002BF845 /* keySW_BG.png in Resources */,
				0D0B3811155A0CCB002BF845 /* numpad-bg_0_h.png in Resources */,
				0D0B3812155A0CCB002BF845 /* numpad-bg_0.png in Resources */,
				0D0B3813155A0CCB002BF845 /* numpad-bg_1_h.png in Resources */,
				0D0B3814155A0CCB002BF845 /* numpad-bg_1.png in Resources */,
				0D0B3815155A0CCB002BF845 /* numpad-bg_2_h.png in Resources */,
				0D0B3816155A0CCB002BF845 /* numpad-bg_2.png in Resources */,
				0D0B3817155A0CCB002BF845 /* numpad-bg_3_h.png in Resources */,
				0D0B3818155A0CCB002BF845 /* numpad-bg_3.png in Resources */,
				0D0B3819155A0CCB002BF845 /* numpad-bg_4_h.png in Resources */,
				0D0B381A155A0CCB002BF845 /* numpad-bg_4.png in Resources */,
				0D0B381B155A0CCB002BF845 /* numpad-bg_5_h.png in Resources */,
				0D0B381C155A0CCB002BF845 /* numpad-bg_5.png in Resources */,
				0D0B381D155A0CCB002BF845 /* numpad-bg_6_h.png in Resources */,
				0D0B381E155A0CCB002BF845 /* numpad-bg_6.png in Resources */,
				0D0B381F155A0CCB002BF845 /* numpad-bg_7_h.png in Resources */,
				0D0B3820155A0CCB002BF845 /* numpad-bg_7.png in Resources */,
				0D0B3821155A0CCB002BF845 /* numpad-bg_8_h.png in Resources */,
				0D0B3822155A0CCB002BF845 /* numpad-bg_8.png in Resources */,
				0D0B3823155A0CCB002BF845 /* numpad-bg_9_h.png in Resources */,
				0D0B3824155A0CCB002BF845 /* numpad-bg_9.png in Resources */,
				0D0B3825155A0CCB002BF845 /* numpad-bg_10_h.png in Resources */,
				0D0B3826155A0CCB002BF845 /* numpad-bg_10.png in Resources */,
				0D0B3827155A0CCB002BF845 /* numpad-bg_11_h.png in Resources */,
				0D0B3828155A0CCB002BF845 /* numpad-bg_11.png in Resources */,
				0DF6C5D115636C9400E28B99 /* PushCoinLogo-Large.png in Resources */,
				0DF6C5D215636C9400E28B99 /* PushCoinLogo-Small.png in Resources */,
				0DCCD2271564E221006C9526 /* pushcoin_dsa.pub in Resources */,
				0DD692B615660FC500391E25 /* iphone_delete_button.png in Resources */,
				0D887E3B15688DC9004228F3 /* title.png in Resources */,
				0D887E3F15689CD5004228F3 /* display_background.png in Resources */,
				0D887E4115689CE0004228F3 /* display_background@2x.png in Resources */,
				0D887E4315689F20004228F3 /* logo.png in Resources */,
				0D887E461568A0CD004228F3 /* shortcut_grid_background.png in Resources */,
				0D887E471568A0CD004228F3 /* shortcut_grid_background@2x.png in Resources */,
				0D4923E4156B3CA900626AC2 /* 1.00.png in Resources */,
				0D4923E5156B3CA900626AC2 /* 1.00@2x.png in Resources */,
				0D4923E6156B3CA900626AC2 /* 5.00.png in Resources */,
				0D4923E7156B3CA900626AC2 /* 5.00@2x.png in Resources */,
				0D4923E8156B3CA900626AC2 /* 10.00.png in Resources */,
				0D4923E9156B3CA900626AC2 /* 10.00@2x.png in Resources */,
				0D4923EA156B3CA900626AC2 /* 50.00.png in Resources */,
				0D4923EB156B3CA900626AC2 /* 50.00@2x.png in Resources */,
				0D4923EC156B3CA900626AC2 /* 100.00.png in Resources */,
				0D4923ED156B3CA900626AC2 /* 100.00@2x.png in Resources */,
				0D4923EE156B3CA900626AC2 /* 500.00.png in Resources */,
				0D4923EF156B3CA900626AC2 /* 500.00@2x.png in Resources */,
				0DED6567156DCDE400E27A72 /* remove.png in Resources */,
				0DED6568156DCDE400E27A72 /* remove@2x.png in Resources */,
				0DF8D8E7156E253F00AEA91D /* startup_background.png in Resources */,
				0DF8D8E8156E253F00AEA91D /* startup_background@2x.png in Resources */,
				0DF8D8EA156E255600AEA91D /* Default.png in Resources */,
				0DF8D8EC156E255B00AEA91D /* Default@2x.png in Resources */,
			);
			runOnlyForDeploymentPostprocessing = 0;
		};
/* End PBXResourcesBuildPhase section */

/* Begin PBXSourcesBuildPhase section */
		0D19E2C41541CCAE00C8671B /* Sources */ = {
			isa = PBXSourcesBuildPhase;
			buildActionMask = 2147483647;
			files = (
				0D19E2D91541CCAE00C8671B /* main.m in Sources */,
				0D19E2DD1541CCAE00C8671B /* AppDelegate.m in Sources */,
				0D19E2E31541CCAE00C8671B /* PayController.mm in Sources */,
				0D19E2EA1541CCAE00C8671B /* ReceiveController.mm in Sources */,
				0D7A8FE51542609600634A79 /* SettingsController.mm in Sources */,
				0D7A8FF71543614000634A79 /* QRViewController.mm in Sources */,
				0DBC491B1543BF3700E56EDF /* KeypadView.m in Sources */,
				0DAFD24C1547A8180010459A /* KeychainItemWrapper.m in Sources */,
				0D3EA61D154877670088EFE1 /* OpenSSLWrapper.mm in Sources */,
				0D3EA6201548783D0088EFE1 /* PushCoinConfig.m in Sources */,
				0D3EA6231548FB0A0088EFE1 /* PushCoinWebService.m in Sources */,
				0D3EA63F154936C50088EFE1 /* ChallengeController.m in Sources */,
				0D20D8A015571ED300098838 /* PCOS.m in Sources */,
				0D20D8A215571ED300098838 /* PCOSMessage.m in Sources */,
				0D20D8A315571ED300098838 /* PushCoinMessages.m in Sources */,
				0D20D8A415571ED300098838 /* PCOSTypes.m in Sources */,
				0DACCD741558A02A00A69DED /* PCOSParser.m in Sources */,
				0DE9FA72155A1D4700FACDA7 /* RegistrationController.m in Sources */,
				0D7E10B9155FF82800429C9A /* NSData+BytesToHexString.m in Sources */,
				0D7E10BC155FF8E200429C9A /* NSString+HexStringToBytes.m in Sources */,
				0DF6C5C81563446600E28B99 /* MainTabBarController.m in Sources */,
				0DB67A5D1564C8C200CA997C /* NSData+Base64.m in Sources */,
				0D37760E15683949003FB8B3 /* PaymentCell.m in Sources */,
				0D377612156839BC003FB8B3 /* Common.m in Sources */,
				0D37761615684E8B003FB8B3 /* PushCoinPayment.m in Sources */,
				0DED6564156DB2AF00E27A72 /* KeypadController.m in Sources */,
				0DF8D8E1156E139300AEA91D /* HistoryController.m in Sources */,
				0DF8D8E4156E1E1800AEA91D /* PushCoinTransaction.m in Sources */,
				0DF8D8EF156EFF3200AEA91D /* TransactionCell.m in Sources */,
				0DDD095A156F19FC001C36BB /* PaymentDetailsController.m in Sources */,
				0DDD095D156F1A42001C36BB /* PaymentTipCell.m in Sources */,
			);
			runOnlyForDeploymentPostprocessing = 0;
		};
/* End PBXSourcesBuildPhase section */

/* Begin PBXTargetDependency section */
		0D0B382A155A0D06002BF845 /* PBXTargetDependency */ = {
			isa = PBXTargetDependency;
			name = ZXingWidget;
			targetProxy = 0D0B3829155A0D06002BF845 /* PBXContainerItemProxy */;
		};
		0D0B382E155A0D06002BF845 /* PBXTargetDependency */ = {
			isa = PBXTargetDependency;
			name = crypto;
			targetProxy = 0D0B382D155A0D06002BF845 /* PBXContainerItemProxy */;
		};
		0D0B3830155A0D06002BF845 /* PBXTargetDependency */ = {
			isa = PBXTargetDependency;
			name = qrencoder;
			targetProxy = 0D0B382F155A0D06002BF845 /* PBXContainerItemProxy */;
		};
		0D4923D6156B273F00626AC2 /* PBXTargetDependency */ = {
			isa = PBXTargetDependency;
			name = GMGridView;
			targetProxy = 0D4923D5156B273F00626AC2 /* PBXContainerItemProxy */;
		};
/* End PBXTargetDependency section */

/* Begin PBXVariantGroup section */
		0D19E2D51541CCAE00C8671B /* InfoPlist.strings */ = {
			isa = PBXVariantGroup;
			children = (
				0D19E2D61541CCAE00C8671B /* en */,
			);
			name = InfoPlist.strings;
			sourceTree = "<group>";
		};
		0D19E2DE1541CCAE00C8671B /* MainStoryboard.storyboard */ = {
			isa = PBXVariantGroup;
			children = (
				0D19E2DF1541CCAE00C8671B /* en */,
			);
			name = MainStoryboard.storyboard;
			sourceTree = "<group>";
		};
/* End PBXVariantGroup section */

/* Begin XCBuildConfiguration section */
		0D19E2EF1541CCAE00C8671B /* Debug */ = {
			isa = XCBuildConfiguration;
			buildSettings = {
				ALWAYS_SEARCH_USER_PATHS = NO;
				ARCHS = "$(ARCHS_STANDARD_32_BIT)";
				CLANG_ENABLE_OBJC_ARC = YES;
				"CODE_SIGN_IDENTITY[sdk=iphoneos*]" = "iPhone Developer: Gilbert Cheung (R3MUU845UN)";
				COPY_PHASE_STRIP = NO;
				GCC_C_LANGUAGE_STANDARD = gnu99;
				GCC_DYNAMIC_NO_PIC = NO;
				GCC_OPTIMIZATION_LEVEL = 0;
				GCC_PREPROCESSOR_DEFINITIONS = (
					"DEBUG=1",
					"$(inherited)",
				);
				GCC_SYMBOLS_PRIVATE_EXTERN = NO;
				GCC_VERSION = com.apple.compilers.llvm.clang.1_0;
				GCC_WARN_ABOUT_MISSING_PROTOTYPES = YES;
				GCC_WARN_ABOUT_RETURN_TYPE = YES;
				GCC_WARN_UNUSED_VARIABLE = YES;
				HEADER_SEARCH_PATHS = (
					"/Users/gilbert/v1/zxing-2.0/iphone/ZXingWidget/Classes",
					/Users/gilbert/v1/QRCodeEncoderObjectiveC/QRCodeEncoderObjectiveCAtGithub,
					"/Users/gilbert/v1/zxing-2.0/cpp/core/src/",
					/Users/gilbert/v1/GMGridView/GMGridView,
					"/Users/gilbert/v1/openssl-xcode/openssl/include",
				);
				IPHONEOS_DEPLOYMENT_TARGET = 5.1;
				ONLY_ACTIVE_ARCH = YES;
				"PROVISIONING_PROFILE[sdk=iphoneos*]" = "AA5B10D4-9607-45E1-8E1E-7C03E15F0525";
				SDKROOT = iphoneos;
			};
			name = Debug;
		};
		0D19E2F01541CCAE00C8671B /* Release */ = {
			isa = XCBuildConfiguration;
			buildSettings = {
				ALWAYS_SEARCH_USER_PATHS = NO;
				ARCHS = "$(ARCHS_STANDARD_32_BIT)";
				CLANG_ENABLE_OBJC_ARC = YES;
				"CODE_SIGN_IDENTITY[sdk=iphoneos*]" = "iPhone Developer: Gilbert Cheung (R3MUU845UN)";
				COPY_PHASE_STRIP = YES;
				GCC_C_LANGUAGE_STANDARD = gnu99;
				GCC_VERSION = com.apple.compilers.llvm.clang.1_0;
				GCC_WARN_ABOUT_MISSING_PROTOTYPES = YES;
				GCC_WARN_ABOUT_RETURN_TYPE = YES;
				GCC_WARN_UNUSED_VARIABLE = YES;
				HEADER_SEARCH_PATHS = (
					"/Users/gilbert/v1/zxing-2.0/iphone/ZXingWidget/Classes",
					/Users/gilbert/v1/QRCodeEncoderObjectiveC/QRCodeEncoderObjectiveCAtGithub,
					"/Users/gilbert/v1/zxing-2.0/cpp/core/src/",
					/Users/gilbert/v1/GMGridView/GMGridView,
					"/Users/gilbert/v1/openssl-xcode/openssl/include",
				);
				IPHONEOS_DEPLOYMENT_TARGET = 5.1;
				ONLY_ACTIVE_ARCH = YES;
				OTHER_CFLAGS = "-DNS_BLOCK_ASSERTIONS=1";
				"PROVISIONING_PROFILE[sdk=iphoneos*]" = "AA5B10D4-9607-45E1-8E1E-7C03E15F0525";
				SDKROOT = iphoneos;
				VALIDATE_PRODUCT = YES;
			};
			name = Release;
		};
		0D19E2F21541CCAE00C8671B /* Debug */ = {
			isa = XCBuildConfiguration;
			buildSettings = {
				GCC_PRECOMPILE_PREFIX_HEADER = YES;
				GCC_PREFIX_HEADER = "PushCoin/PushCoin-Prefix.pch";
				INFOPLIST_FILE = "PushCoin/PushCoin-Info.plist";
				ONLY_ACTIVE_ARCH = NO;
				OTHER_LDFLAGS = "-ObjC";
				PRODUCT_NAME = "$(TARGET_NAME)";
				"VALID_ARCHS[sdk=*]" = "armv6 armv7";
				WRAPPER_EXTENSION = app;
			};
			name = Debug;
		};
		0D19E2F31541CCAE00C8671B /* Release */ = {
			isa = XCBuildConfiguration;
			buildSettings = {
				GCC_PRECOMPILE_PREFIX_HEADER = YES;
				GCC_PREFIX_HEADER = "PushCoin/PushCoin-Prefix.pch";
				INFOPLIST_FILE = "PushCoin/PushCoin-Info.plist";
				ONLY_ACTIVE_ARCH = NO;
				OTHER_LDFLAGS = "-ObjC";
				PRODUCT_NAME = "$(TARGET_NAME)";
				WRAPPER_EXTENSION = app;
			};
			name = Release;
		};
/* End XCBuildConfiguration section */

/* Begin XCConfigurationList section */
		0D19E2C21541CCAE00C8671B /* Build configuration list for PBXProject "PushCoin" */ = {
			isa = XCConfigurationList;
			buildConfigurations = (
				0D19E2EF1541CCAE00C8671B /* Debug */,
				0D19E2F01541CCAE00C8671B /* Release */,
			);
			defaultConfigurationIsVisible = 0;
			defaultConfigurationName = Release;
		};
		0D19E2F11541CCAE00C8671B /* Build configuration list for PBXNativeTarget "PushCoin" */ = {
			isa = XCConfigurationList;
			buildConfigurations = (
				0D19E2F21541CCAE00C8671B /* Debug */,
				0D19E2F31541CCAE00C8671B /* Release */,
			);
			defaultConfigurationIsVisible = 0;
			defaultConfigurationName = Release;
		};
/* End XCConfigurationList section */
	};
	rootObject = 0D19E2BF1541CCAE00C8671B /* Project object */;
}
